// !$*UTF8*$!
{
	archiveVersion = 1;
	classes = {
	};
	objectVersion = 56;
	objects = {

/* Begin PBXBuildFile section */
		0416FD162B5D7AE6008A5600 /* OAuthSwift in Frameworks */ = {isa = PBXBuildFile; productRef = 0416FD152B5D7AE6008A5600 /* OAuthSwift */; };
		0416FD192B5D7F68008A5600 /* Kingfisher in Frameworks */ = {isa = PBXBuildFile; productRef = 0416FD182B5D7F68008A5600 /* Kingfisher */; };
		04A906DF2B669F3D0014DE24 /* GradientView.swift in Sources */ = {isa = PBXBuildFile; fileRef = 04A906DE2B669F3D0014DE24 /* GradientView.swift */; };
		04A9AB442B5C79C6002A8A79 /* ProductsDataService.swift in Sources */ = {isa = PBXBuildFile; fileRef = 04A9AB432B5C79C6002A8A79 /* ProductsDataService.swift */; };
		04A9AB462B5C837D002A8A79 /* Product.swift in Sources */ = {isa = PBXBuildFile; fileRef = 04A9AB452B5C837D002A8A79 /* Product.swift */; };
		04D5E5482B64350C004F336E /* UIViewController + Extension.swift in Sources */ = {isa = PBXBuildFile; fileRef = 04D5E5472B64350C004F336E /* UIViewController + Extension.swift */; };
		04E6759E2B8894D2007559C6 /* AddressView.swift in Sources */ = {isa = PBXBuildFile; fileRef = 04E6759D2B8894D2007559C6 /* AddressView.swift */; };
		04E675A02B889E24007559C6 /* UIButtonTransform.swift in Sources */ = {isa = PBXBuildFile; fileRef = 04E6759F2B889E24007559C6 /* UIButtonTransform.swift */; };
		04E675A22B890415007559C6 /* TelegramManager.swift in Sources */ = {isa = PBXBuildFile; fileRef = 04E675A12B890415007559C6 /* TelegramManager.swift */; };
		04E675A42B890EC7007559C6 /* DropDownList.swift in Sources */ = {isa = PBXBuildFile; fileRef = 04E675A32B890EC7007559C6 /* DropDownList.swift */; };
		04E675A62B891343007559C6 /* ItemSelectableDropDown.swift in Sources */ = {isa = PBXBuildFile; fileRef = 04E675A52B891343007559C6 /* ItemSelectableDropDown.swift */; };
		04E6F8D92B651C2E0014398B /* CustomTextField.swift in Sources */ = {isa = PBXBuildFile; fileRef = 04E6F8D82B651C2E0014398B /* CustomTextField.swift */; };
		04E6F8DB2B652AE00014398B /* GestureRecognizerHealpers.swift in Sources */ = {isa = PBXBuildFile; fileRef = 04E6F8DA2B652AE00014398B /* GestureRecognizerHealpers.swift */; };
		04E6F8DD2B653B5C0014398B /* MapDeliveryViewController.swift in Sources */ = {isa = PBXBuildFile; fileRef = 04E6F8DC2B653B5C0014398B /* MapDeliveryViewController.swift */; };
		04ECD5FA2B66C71F00F29F2C /* BottomSheetMapView.swift in Sources */ = {isa = PBXBuildFile; fileRef = 04ECD5F92B66C71F00F29F2C /* BottomSheetMapView.swift */; };
		04ECD5FE2B66CF4500F29F2C /* UIStackView + Extension.swift in Sources */ = {isa = PBXBuildFile; fileRef = 04ECD5FD2B66CF4500F29F2C /* UIStackView + Extension.swift */; };
		B6306BB92AC088D800B0BF80 /* AppDelegate.swift in Sources */ = {isa = PBXBuildFile; fileRef = B6306BB82AC088D800B0BF80 /* AppDelegate.swift */; };
		B6306BBB2AC088D800B0BF80 /* SceneDelegate.swift in Sources */ = {isa = PBXBuildFile; fileRef = B6306BBA2AC088D800B0BF80 /* SceneDelegate.swift */; };
		B6306BBD2AC088D800B0BF80 /* MainViewController.swift in Sources */ = {isa = PBXBuildFile; fileRef = B6306BBC2AC088D800B0BF80 /* MainViewController.swift */; };
		B6306BC22AC088D900B0BF80 /* Assets.xcassets in Resources */ = {isa = PBXBuildFile; fileRef = B6306BC12AC088D900B0BF80 /* Assets.xcassets */; };
		B6306BD32AC1D69200B0BF80 /* EasyPeasy in Frameworks */ = {isa = PBXBuildFile; productRef = B6306BD22AC1D69200B0BF80 /* EasyPeasy */; };
		B645C35F2AC349D80079C8F2 /* DataStore.swift in Sources */ = {isa = PBXBuildFile; fileRef = B645C35E2AC349D80079C8F2 /* DataStore.swift */; };
		B645C3612AC34F960079C8F2 /* ProductCell.swift in Sources */ = {isa = PBXBuildFile; fileRef = B645C3602AC34F960079C8F2 /* ProductCell.swift */; };
		B645C3632AC353060079C8F2 /* UIView + extension.swift in Sources */ = {isa = PBXBuildFile; fileRef = B645C3622AC353060079C8F2 /* UIView + extension.swift */; };
		B645C3652AC365FC0079C8F2 /* DetailsProductViewController.swift in Sources */ = {isa = PBXBuildFile; fileRef = B645C3642AC365FC0079C8F2 /* DetailsProductViewController.swift */; };
		B645C36C2AC9D06B0079C8F2 /* Capture it.ttf in Resources */ = {isa = PBXBuildFile; fileRef = B645C36B2AC9D06B0079C8F2 /* Capture it.ttf */; };
		B667A04A2AE58C1E003D8069 /* AdditiveCell.swift in Sources */ = {isa = PBXBuildFile; fileRef = B667A0492AE58C1E003D8069 /* AdditiveCell.swift */; };
		B66D7BA92AFD271F009C34CB /* CheckBoxButton.swift in Sources */ = {isa = PBXBuildFile; fileRef = B66D7BA82AFD271F009C34CB /* CheckBoxButton.swift */; };
		B66D7BAC2B0A9307009C34CB /* CartCell.swift in Sources */ = {isa = PBXBuildFile; fileRef = B66D7BAB2B0A9307009C34CB /* CartCell.swift */; };
		B67122992B7E747D00E051EF /* OrderViewController.swift in Sources */ = {isa = PBXBuildFile; fileRef = B67122982B7E747D00E051EF /* OrderViewController.swift */; };
		B6DB40FE2AEFF2E6005963ED /* CustomButton.swift in Sources */ = {isa = PBXBuildFile; fileRef = B6DB40FD2AEFF2E6005963ED /* CustomButton.swift */; };
		B6DF27182ACC387F00FC45D0 /* LaunchViewController.swift in Sources */ = {isa = PBXBuildFile; fileRef = B6DF27172ACC387F00FC45D0 /* LaunchViewController.swift */; };
		B6DF271D2ACC63A500FC45D0 /* MainTabBarController.swift in Sources */ = {isa = PBXBuildFile; fileRef = B6DF271C2ACC63A500FC45D0 /* MainTabBarController.swift */; };
		B6DF271F2ACC640700FC45D0 /* ActionsViewController.swift in Sources */ = {isa = PBXBuildFile; fileRef = B6DF271E2ACC640700FC45D0 /* ActionsViewController.swift */; };
		B6DF27212ACC643600FC45D0 /* ContactsViewController.swift in Sources */ = {isa = PBXBuildFile; fileRef = B6DF27202ACC643500FC45D0 /* ContactsViewController.swift */; };
		B6DF27232ACC649E00FC45D0 /* CartViewController.swift in Sources */ = {isa = PBXBuildFile; fileRef = B6DF27222ACC649E00FC45D0 /* CartViewController.swift */; };
		B6DF27252ACC7E2A00FC45D0 /* UIColorExtension.swift in Sources */ = {isa = PBXBuildFile; fileRef = B6DF27242ACC7E2A00FC45D0 /* UIColorExtension.swift */; };
		B6F3EA542AD57B4000270662 /* SectionHeaderReusableView.swift in Sources */ = {isa = PBXBuildFile; fileRef = B6F3EA532AD57B4000270662 /* SectionHeaderReusableView.swift */; };
		B6F3EA562AD5DD1400270662 /* CustomRegisterTextfield.swift in Sources */ = {isa = PBXBuildFile; fileRef = B6F3EA552AD5DD1400270662 /* CustomRegisterTextfield.swift */; };
		B6F3EA5A2AD9604000270662 /* DeliveryFormViewController.swift in Sources */ = {isa = PBXBuildFile; fileRef = B6F3EA592AD9604000270662 /* DeliveryFormViewController.swift */; };
/* End PBXBuildFile section */

/* Begin PBXFileReference section */
		04A906DE2B669F3D0014DE24 /* GradientView.swift */ = {isa = PBXFileReference; lastKnownFileType = sourcecode.swift; path = GradientView.swift; sourceTree = "<group>"; };
		04A9AB432B5C79C6002A8A79 /* ProductsDataService.swift */ = {isa = PBXFileReference; lastKnownFileType = sourcecode.swift; path = ProductsDataService.swift; sourceTree = "<group>"; };
		04A9AB452B5C837D002A8A79 /* Product.swift */ = {isa = PBXFileReference; lastKnownFileType = sourcecode.swift; path = Product.swift; sourceTree = "<group>"; };
		04D5E5472B64350C004F336E /* UIViewController + Extension.swift */ = {isa = PBXFileReference; lastKnownFileType = sourcecode.swift; path = "UIViewController + Extension.swift"; sourceTree = "<group>"; };
		04E6759D2B8894D2007559C6 /* AddressView.swift */ = {isa = PBXFileReference; lastKnownFileType = sourcecode.swift; path = AddressView.swift; sourceTree = "<group>"; };
		04E6759F2B889E24007559C6 /* UIButtonTransform.swift */ = {isa = PBXFileReference; lastKnownFileType = sourcecode.swift; path = UIButtonTransform.swift; sourceTree = "<group>"; };
		04E675A12B890415007559C6 /* TelegramManager.swift */ = {isa = PBXFileReference; lastKnownFileType = sourcecode.swift; path = TelegramManager.swift; sourceTree = "<group>"; };
		04E675A32B890EC7007559C6 /* DropDownList.swift */ = {isa = PBXFileReference; lastKnownFileType = sourcecode.swift; path = DropDownList.swift; sourceTree = "<group>"; };
		04E675A52B891343007559C6 /* ItemSelectableDropDown.swift */ = {isa = PBXFileReference; lastKnownFileType = sourcecode.swift; path = ItemSelectableDropDown.swift; sourceTree = "<group>"; };
		04E6F8D82B651C2E0014398B /* CustomTextField.swift */ = {isa = PBXFileReference; lastKnownFileType = sourcecode.swift; path = CustomTextField.swift; sourceTree = "<group>"; };
		04E6F8DA2B652AE00014398B /* GestureRecognizerHealpers.swift */ = {isa = PBXFileReference; lastKnownFileType = sourcecode.swift; path = GestureRecognizerHealpers.swift; sourceTree = "<group>"; };
		04E6F8DC2B653B5C0014398B /* MapDeliveryViewController.swift */ = {isa = PBXFileReference; lastKnownFileType = sourcecode.swift; path = MapDeliveryViewController.swift; sourceTree = "<group>"; };
		04ECD5F92B66C71F00F29F2C /* BottomSheetMapView.swift */ = {isa = PBXFileReference; lastKnownFileType = sourcecode.swift; path = BottomSheetMapView.swift; sourceTree = "<group>"; };
		04ECD5FD2B66CF4500F29F2C /* UIStackView + Extension.swift */ = {isa = PBXFileReference; lastKnownFileType = sourcecode.swift; path = "UIStackView + Extension.swift"; sourceTree = "<group>"; };
		B6306BB52AC088D800B0BF80 /* Dikii Zapad.app */ = {isa = PBXFileReference; explicitFileType = wrapper.application; includeInIndex = 0; path = "Dikii Zapad.app"; sourceTree = BUILT_PRODUCTS_DIR; };
		B6306BB82AC088D800B0BF80 /* AppDelegate.swift */ = {isa = PBXFileReference; lastKnownFileType = sourcecode.swift; path = AppDelegate.swift; sourceTree = "<group>"; };
		B6306BBA2AC088D800B0BF80 /* SceneDelegate.swift */ = {isa = PBXFileReference; lastKnownFileType = sourcecode.swift; path = SceneDelegate.swift; sourceTree = "<group>"; };
		B6306BBC2AC088D800B0BF80 /* MainViewController.swift */ = {isa = PBXFileReference; lastKnownFileType = sourcecode.swift; path = MainViewController.swift; sourceTree = "<group>"; };
		B6306BC12AC088D900B0BF80 /* Assets.xcassets */ = {isa = PBXFileReference; lastKnownFileType = folder.assetcatalog; path = Assets.xcassets; sourceTree = "<group>"; };
		B6306BC62AC088D900B0BF80 /* Info.plist */ = {isa = PBXFileReference; lastKnownFileType = text.plist.xml; path = Info.plist; sourceTree = "<group>"; };
		B645C35E2AC349D80079C8F2 /* DataStore.swift */ = {isa = PBXFileReference; lastKnownFileType = sourcecode.swift; path = DataStore.swift; sourceTree = "<group>"; };
		B645C3602AC34F960079C8F2 /* ProductCell.swift */ = {isa = PBXFileReference; lastKnownFileType = sourcecode.swift; path = ProductCell.swift; sourceTree = "<group>"; };
		B645C3622AC353060079C8F2 /* UIView + extension.swift */ = {isa = PBXFileReference; lastKnownFileType = sourcecode.swift; path = "UIView + extension.swift"; sourceTree = "<group>"; };
		B645C3642AC365FC0079C8F2 /* DetailsProductViewController.swift */ = {isa = PBXFileReference; lastKnownFileType = sourcecode.swift; path = DetailsProductViewController.swift; sourceTree = "<group>"; };
		B645C36B2AC9D06B0079C8F2 /* Capture it.ttf */ = {isa = PBXFileReference; lastKnownFileType = file; path = "Capture it.ttf"; sourceTree = "<group>"; };
		B667A0492AE58C1E003D8069 /* AdditiveCell.swift */ = {isa = PBXFileReference; lastKnownFileType = sourcecode.swift; path = AdditiveCell.swift; sourceTree = "<group>"; };
		B66D7BA82AFD271F009C34CB /* CheckBoxButton.swift */ = {isa = PBXFileReference; lastKnownFileType = sourcecode.swift; path = CheckBoxButton.swift; sourceTree = "<group>"; };
		B66D7BAB2B0A9307009C34CB /* CartCell.swift */ = {isa = PBXFileReference; lastKnownFileType = sourcecode.swift; path = CartCell.swift; sourceTree = "<group>"; };
		B67122982B7E747D00E051EF /* OrderViewController.swift */ = {isa = PBXFileReference; lastKnownFileType = sourcecode.swift; path = OrderViewController.swift; sourceTree = "<group>"; };
		B6DB40FD2AEFF2E6005963ED /* CustomButton.swift */ = {isa = PBXFileReference; fileEncoding = 4; lastKnownFileType = sourcecode.swift; path = CustomButton.swift; sourceTree = "<group>"; };
		B6DF27172ACC387F00FC45D0 /* LaunchViewController.swift */ = {isa = PBXFileReference; lastKnownFileType = sourcecode.swift; path = LaunchViewController.swift; sourceTree = "<group>"; };
		B6DF271C2ACC63A500FC45D0 /* MainTabBarController.swift */ = {isa = PBXFileReference; lastKnownFileType = sourcecode.swift; path = MainTabBarController.swift; sourceTree = "<group>"; };
		B6DF271E2ACC640700FC45D0 /* ActionsViewController.swift */ = {isa = PBXFileReference; lastKnownFileType = sourcecode.swift; path = ActionsViewController.swift; sourceTree = "<group>"; };
		B6DF27202ACC643500FC45D0 /* ContactsViewController.swift */ = {isa = PBXFileReference; lastKnownFileType = sourcecode.swift; path = ContactsViewController.swift; sourceTree = "<group>"; };
		B6DF27222ACC649E00FC45D0 /* CartViewController.swift */ = {isa = PBXFileReference; lastKnownFileType = sourcecode.swift; path = CartViewController.swift; sourceTree = "<group>"; };
		B6DF27242ACC7E2A00FC45D0 /* UIColorExtension.swift */ = {isa = PBXFileReference; lastKnownFileType = sourcecode.swift; path = UIColorExtension.swift; sourceTree = "<group>"; };
		B6F3EA532AD57B4000270662 /* SectionHeaderReusableView.swift */ = {isa = PBXFileReference; lastKnownFileType = sourcecode.swift; path = SectionHeaderReusableView.swift; sourceTree = "<group>"; };
		B6F3EA552AD5DD1400270662 /* CustomRegisterTextfield.swift */ = {isa = PBXFileReference; lastKnownFileType = sourcecode.swift; path = CustomRegisterTextfield.swift; sourceTree = "<group>"; };
		B6F3EA592AD9604000270662 /* DeliveryFormViewController.swift */ = {isa = PBXFileReference; lastKnownFileType = sourcecode.swift; path = DeliveryFormViewController.swift; sourceTree = "<group>"; };
/* End PBXFileReference section */

/* Begin PBXFrameworksBuildPhase section */
		B6306BB22AC088D800B0BF80 /* Frameworks */ = {
			isa = PBXFrameworksBuildPhase;
			buildActionMask = 2147483647;
			files = (
				0416FD192B5D7F68008A5600 /* Kingfisher in Frameworks */,
				0416FD162B5D7AE6008A5600 /* OAuthSwift in Frameworks */,
				B6306BD32AC1D69200B0BF80 /* EasyPeasy in Frameworks */,
			);
			runOnlyForDeploymentPostprocessing = 0;
		};
/* End PBXFrameworksBuildPhase section */

/* Begin PBXGroup section */
		043842092B657BD2009632DC /* MapDelivery */ = {
			isa = PBXGroup;
			children = (
				04E6F8DC2B653B5C0014398B /* MapDeliveryViewController.swift */,
				04ECD5F92B66C71F00F29F2C /* BottomSheetMapView.swift */,
			);
			path = MapDelivery;
			sourceTree = "<group>";
		};
		04A9AB422B5C7992002A8A79 /* Healpers */ = {
			isa = PBXGroup;
			children = (
				04A9AB432B5C79C6002A8A79 /* ProductsDataService.swift */,
				04E6F8DA2B652AE00014398B /* GestureRecognizerHealpers.swift */,
				04E675A12B890415007559C6 /* TelegramManager.swift */,
			);
			path = Healpers;
			sourceTree = "<group>";
		};
		04E6F8D72B651BF30014398B /* CommonElements */ = {
			isa = PBXGroup;
			children = (
				04E6F8D82B651C2E0014398B /* CustomTextField.swift */,
				04A906DE2B669F3D0014DE24 /* GradientView.swift */,
				04E675A32B890EC7007559C6 /* DropDownList.swift */,
				04E675A52B891343007559C6 /* ItemSelectableDropDown.swift */,
			);
			path = CommonElements;
			sourceTree = "<group>";
		};
		B6306BAC2AC088D800B0BF80 = {
			isa = PBXGroup;
			children = (
				B6306BB72AC088D800B0BF80 /* Dikii Zapad */,
				B6306BB62AC088D800B0BF80 /* Products */,
			);
			sourceTree = "<group>";
		};
		B6306BB62AC088D800B0BF80 /* Products */ = {
			isa = PBXGroup;
			children = (
				B6306BB52AC088D800B0BF80 /* Dikii Zapad.app */,
			);
			name = Products;
			sourceTree = "<group>";
		};
		B6306BB72AC088D800B0BF80 /* Dikii Zapad */ = {
			isa = PBXGroup;
			children = (
				04A9AB422B5C7992002A8A79 /* Healpers */,
				B645C3662AC9CF080079C8F2 /* FONT */,
				B6DF27272ACD5F0000FC45D0 /* Scene */,
				B6DF27262ACD5EB800FC45D0 /* Extension */,
				B66D7BAA2B054610009C34CB /* ViewControllers */,
				B645C3602AC34F960079C8F2 /* ProductCell.swift */,
				B66D7BAB2B0A9307009C34CB /* CartCell.swift */,
				04E6F8D72B651BF30014398B /* CommonElements */,
				B645C35E2AC349D80079C8F2 /* DataStore.swift */,
				B6306BC12AC088D900B0BF80 /* Assets.xcassets */,
				B6306BC62AC088D900B0BF80 /* Info.plist */,
				B6DB40FD2AEFF2E6005963ED /* CustomButton.swift */,
				04E6759F2B889E24007559C6 /* UIButtonTransform.swift */,
				B6F3EA552AD5DD1400270662 /* CustomRegisterTextfield.swift */,
				B6F3EA532AD57B4000270662 /* SectionHeaderReusableView.swift */,
				B667A0492AE58C1E003D8069 /* AdditiveCell.swift */,
				B66D7BA82AFD271F009C34CB /* CheckBoxButton.swift */,
				04E6759D2B8894D2007559C6 /* AddressView.swift */,
				04A9AB452B5C837D002A8A79 /* Product.swift */,
			);
			path = "Dikii Zapad";
			sourceTree = "<group>";
		};
		B645C3662AC9CF080079C8F2 /* FONT */ = {
			isa = PBXGroup;
			children = (
				B645C36B2AC9D06B0079C8F2 /* Capture it.ttf */,
			);
			path = FONT;
			sourceTree = "<group>";
		};
		B66D7BAA2B054610009C34CB /* ViewControllers */ = {
			isa = PBXGroup;
			children = (
				B6DF271C2ACC63A500FC45D0 /* MainTabBarController.swift */,
				B6DF27202ACC643500FC45D0 /* ContactsViewController.swift */,
				B6DF271E2ACC640700FC45D0 /* ActionsViewController.swift */,
				B6306BBC2AC088D800B0BF80 /* MainViewController.swift */,
				B645C3642AC365FC0079C8F2 /* DetailsProductViewController.swift */,
				B6DF27172ACC387F00FC45D0 /* LaunchViewController.swift */,
				B6DF27222ACC649E00FC45D0 /* CartViewController.swift */,
				B67122982B7E747D00E051EF /* OrderViewController.swift */,
				B6F3EA592AD9604000270662 /* DeliveryFormViewController.swift */,
				043842092B657BD2009632DC /* MapDelivery */,
			);
			path = ViewControllers;
			sourceTree = "<group>";
		};
		B6DF27262ACD5EB800FC45D0 /* Extension */ = {
			isa = PBXGroup;
			children = (
				B6DF27242ACC7E2A00FC45D0 /* UIColorExtension.swift */,
				B645C3622AC353060079C8F2 /* UIView + extension.swift */,
				04D5E5472B64350C004F336E /* UIViewController + Extension.swift */,
				04ECD5FD2B66CF4500F29F2C /* UIStackView + Extension.swift */,
			);
			path = Extension;
			sourceTree = "<group>";
		};
		B6DF27272ACD5F0000FC45D0 /* Scene */ = {
			isa = PBXGroup;
			children = (
				B6306BBA2AC088D800B0BF80 /* SceneDelegate.swift */,
				B6306BB82AC088D800B0BF80 /* AppDelegate.swift */,
			);
			path = Scene;
			sourceTree = "<group>";
		};
/* End PBXGroup section */

/* Begin PBXNativeTarget section */
		B6306BB42AC088D800B0BF80 /* Dikii Zapad */ = {
			isa = PBXNativeTarget;
			buildConfigurationList = B6306BC92AC088D900B0BF80 /* Build configuration list for PBXNativeTarget "Dikii Zapad" */;
			buildPhases = (
				B6306BB12AC088D800B0BF80 /* Sources */,
				B6306BB22AC088D800B0BF80 /* Frameworks */,
				B6306BB32AC088D800B0BF80 /* Resources */,
			);
			buildRules = (
			);
			dependencies = (
			);
			name = "Dikii Zapad";
			packageProductDependencies = (
				B6306BD22AC1D69200B0BF80 /* EasyPeasy */,
				0416FD152B5D7AE6008A5600 /* OAuthSwift */,
				0416FD182B5D7F68008A5600 /* Kingfisher */,
			);
			productName = "Dikii Zapad";
			productReference = B6306BB52AC088D800B0BF80 /* Dikii Zapad.app */;
			productType = "com.apple.product-type.application";
		};
/* End PBXNativeTarget section */

/* Begin PBXProject section */
		B6306BAD2AC088D800B0BF80 /* Project object */ = {
			isa = PBXProject;
			attributes = {
				BuildIndependentTargetsInParallel = 1;
				LastSwiftUpdateCheck = 1430;
				LastUpgradeCheck = 1430;
				TargetAttributes = {
					B6306BB42AC088D800B0BF80 = {
						CreatedOnToolsVersion = 14.3;
					};
				};
			};
			buildConfigurationList = B6306BB02AC088D800B0BF80 /* Build configuration list for PBXProject "Dikii Zapad" */;
			compatibilityVersion = "Xcode 14.0";
			developmentRegion = en;
			hasScannedForEncodings = 0;
			knownRegions = (
				en,
				Base,
			);
			mainGroup = B6306BAC2AC088D800B0BF80;
			packageReferences = (
				B6306BD12AC1D69200B0BF80 /* XCRemoteSwiftPackageReference "EasyPeasy" */,
				0416FD112B5D762B008A5600 /* XCRemoteSwiftPackageReference "OhhAuth" */,
				0416FD142B5D7AE6008A5600 /* XCRemoteSwiftPackageReference "OAuthSwift" */,
				0416FD172B5D7F68008A5600 /* XCRemoteSwiftPackageReference "Kingfisher" */,
			);
			productRefGroup = B6306BB62AC088D800B0BF80 /* Products */;
			projectDirPath = "";
			projectRoot = "";
			targets = (
				B6306BB42AC088D800B0BF80 /* Dikii Zapad */,
			);
		};
/* End PBXProject section */

/* Begin PBXResourcesBuildPhase section */
		B6306BB32AC088D800B0BF80 /* Resources */ = {
			isa = PBXResourcesBuildPhase;
			buildActionMask = 2147483647;
			files = (
				B645C36C2AC9D06B0079C8F2 /* Capture it.ttf in Resources */,
				B6306BC22AC088D900B0BF80 /* Assets.xcassets in Resources */,
			);
			runOnlyForDeploymentPostprocessing = 0;
		};
/* End PBXResourcesBuildPhase section */

/* Begin PBXSourcesBuildPhase section */
		B6306BB12AC088D800B0BF80 /* Sources */ = {
			isa = PBXSourcesBuildPhase;
			buildActionMask = 2147483647;
			files = (
				B6306BBD2AC088D800B0BF80 /* MainViewController.swift in Sources */,
				B66D7BAC2B0A9307009C34CB /* CartCell.swift in Sources */,
				B67122992B7E747D00E051EF /* OrderViewController.swift in Sources */,
				B6DB40FE2AEFF2E6005963ED /* CustomButton.swift in Sources */,
				B66D7BA92AFD271F009C34CB /* CheckBoxButton.swift in Sources */,
				04E675A22B890415007559C6 /* TelegramManager.swift in Sources */,
				B6F3EA562AD5DD1400270662 /* CustomRegisterTextfield.swift in Sources */,
				04E6759E2B8894D2007559C6 /* AddressView.swift in Sources */,
				B6F3EA542AD57B4000270662 /* SectionHeaderReusableView.swift in Sources */,
				04E675A02B889E24007559C6 /* UIButtonTransform.swift in Sources */,
				04A9AB462B5C837D002A8A79 /* Product.swift in Sources */,
				B6DF27252ACC7E2A00FC45D0 /* UIColorExtension.swift in Sources */,
				04E675A62B891343007559C6 /* ItemSelectableDropDown.swift in Sources */,
				04E6F8D92B651C2E0014398B /* CustomTextField.swift in Sources */,
				04ECD5FA2B66C71F00F29F2C /* BottomSheetMapView.swift in Sources */,
				B6DF27182ACC387F00FC45D0 /* LaunchViewController.swift in Sources */,
				04D5E5482B64350C004F336E /* UIViewController + Extension.swift in Sources */,
				B6DF271F2ACC640700FC45D0 /* ActionsViewController.swift in Sources */,
				B6DF271D2ACC63A500FC45D0 /* MainTabBarController.swift in Sources */,
				04ECD5FE2B66CF4500F29F2C /* UIStackView + Extension.swift in Sources */,
				B645C35F2AC349D80079C8F2 /* DataStore.swift in Sources */,
				04E6F8DB2B652AE00014398B /* GestureRecognizerHealpers.swift in Sources */,
				B6DF27212ACC643600FC45D0 /* ContactsViewController.swift in Sources */,
				B645C3652AC365FC0079C8F2 /* DetailsProductViewController.swift in Sources */,
				04A906DF2B669F3D0014DE24 /* GradientView.swift in Sources */,
				B645C3632AC353060079C8F2 /* UIView + extension.swift in Sources */,
				04E6F8DD2B653B5C0014398B /* MapDeliveryViewController.swift in Sources */,
				04A9AB442B5C79C6002A8A79 /* ProductsDataService.swift in Sources */,
				B6DF27232ACC649E00FC45D0 /* CartViewController.swift in Sources */,
				04E675A42B890EC7007559C6 /* DropDownList.swift in Sources */,
				B667A04A2AE58C1E003D8069 /* AdditiveCell.swift in Sources */,
				B6306BB92AC088D800B0BF80 /* AppDelegate.swift in Sources */,
				B6F3EA5A2AD9604000270662 /* DeliveryFormViewController.swift in Sources */,
				B645C3612AC34F960079C8F2 /* ProductCell.swift in Sources */,
				B6306BBB2AC088D800B0BF80 /* SceneDelegate.swift in Sources */,
			);
			runOnlyForDeploymentPostprocessing = 0;
		};
/* End PBXSourcesBuildPhase section */

/* Begin XCBuildConfiguration section */
		B6306BC72AC088D900B0BF80 /* Debug */ = {
			isa = XCBuildConfiguration;
			buildSettings = {
				ALWAYS_SEARCH_USER_PATHS = NO;
				CLANG_ANALYZER_NONNULL = YES;
				CLANG_ANALYZER_NUMBER_OBJECT_CONVERSION = YES_AGGRESSIVE;
				CLANG_CXX_LANGUAGE_STANDARD = "gnu++20";
				CLANG_ENABLE_MODULES = YES;
				CLANG_ENABLE_OBJC_ARC = YES;
				CLANG_ENABLE_OBJC_WEAK = YES;
				CLANG_WARN_BLOCK_CAPTURE_AUTORELEASING = YES;
				CLANG_WARN_BOOL_CONVERSION = YES;
				CLANG_WARN_COMMA = YES;
				CLANG_WARN_CONSTANT_CONVERSION = YES;
				CLANG_WARN_DEPRECATED_OBJC_IMPLEMENTATIONS = YES;
				CLANG_WARN_DIRECT_OBJC_ISA_USAGE = YES_ERROR;
				CLANG_WARN_DOCUMENTATION_COMMENTS = YES;
				CLANG_WARN_EMPTY_BODY = YES;
				CLANG_WARN_ENUM_CONVERSION = YES;
				CLANG_WARN_INFINITE_RECURSION = YES;
				CLANG_WARN_INT_CONVERSION = YES;
				CLANG_WARN_NON_LITERAL_NULL_CONVERSION = YES;
				CLANG_WARN_OBJC_IMPLICIT_RETAIN_SELF = YES;
				CLANG_WARN_OBJC_LITERAL_CONVERSION = YES;
				CLANG_WARN_OBJC_ROOT_CLASS = YES_ERROR;
				CLANG_WARN_QUOTED_INCLUDE_IN_FRAMEWORK_HEADER = YES;
				CLANG_WARN_RANGE_LOOP_ANALYSIS = YES;
				CLANG_WARN_STRICT_PROTOTYPES = YES;
				CLANG_WARN_SUSPICIOUS_MOVE = YES;
				CLANG_WARN_UNGUARDED_AVAILABILITY = YES_AGGRESSIVE;
				CLANG_WARN_UNREACHABLE_CODE = YES;
				CLANG_WARN__DUPLICATE_METHOD_MATCH = YES;
				COPY_PHASE_STRIP = NO;
				DEBUG_INFORMATION_FORMAT = dwarf;
				ENABLE_STRICT_OBJC_MSGSEND = YES;
				ENABLE_TESTABILITY = YES;
				GCC_C_LANGUAGE_STANDARD = gnu11;
				GCC_DYNAMIC_NO_PIC = NO;
				GCC_NO_COMMON_BLOCKS = YES;
				GCC_OPTIMIZATION_LEVEL = 0;
				GCC_PREPROCESSOR_DEFINITIONS = (
					"DEBUG=1",
					"$(inherited)",
				);
				GCC_WARN_64_TO_32_BIT_CONVERSION = YES;
				GCC_WARN_ABOUT_RETURN_TYPE = YES_ERROR;
				GCC_WARN_UNDECLARED_SELECTOR = YES;
				GCC_WARN_UNINITIALIZED_AUTOS = YES_AGGRESSIVE;
				GCC_WARN_UNUSED_FUNCTION = YES;
				GCC_WARN_UNUSED_VARIABLE = YES;
				IPHONEOS_DEPLOYMENT_TARGET = 16.4;
				MTL_ENABLE_DEBUG_INFO = INCLUDE_SOURCE;
				MTL_FAST_MATH = YES;
				ONLY_ACTIVE_ARCH = YES;
				SDKROOT = iphoneos;
				SWIFT_ACTIVE_COMPILATION_CONDITIONS = DEBUG;
				SWIFT_OPTIMIZATION_LEVEL = "-Onone";
			};
			name = Debug;
		};
		B6306BC82AC088D900B0BF80 /* Release */ = {
			isa = XCBuildConfiguration;
			buildSettings = {
				ALWAYS_SEARCH_USER_PATHS = NO;
				CLANG_ANALYZER_NONNULL = YES;
				CLANG_ANALYZER_NUMBER_OBJECT_CONVERSION = YES_AGGRESSIVE;
				CLANG_CXX_LANGUAGE_STANDARD = "gnu++20";
				CLANG_ENABLE_MODULES = YES;
				CLANG_ENABLE_OBJC_ARC = YES;
				CLANG_ENABLE_OBJC_WEAK = YES;
				CLANG_WARN_BLOCK_CAPTURE_AUTORELEASING = YES;
				CLANG_WARN_BOOL_CONVERSION = YES;
				CLANG_WARN_COMMA = YES;
				CLANG_WARN_CONSTANT_CONVERSION = YES;
				CLANG_WARN_DEPRECATED_OBJC_IMPLEMENTATIONS = YES;
				CLANG_WARN_DIRECT_OBJC_ISA_USAGE = YES_ERROR;
				CLANG_WARN_DOCUMENTATION_COMMENTS = YES;
				CLANG_WARN_EMPTY_BODY = YES;
				CLANG_WARN_ENUM_CONVERSION = YES;
				CLANG_WARN_INFINITE_RECURSION = YES;
				CLANG_WARN_INT_CONVERSION = YES;
				CLANG_WARN_NON_LITERAL_NULL_CONVERSION = YES;
				CLANG_WARN_OBJC_IMPLICIT_RETAIN_SELF = YES;
				CLANG_WARN_OBJC_LITERAL_CONVERSION = YES;
				CLANG_WARN_OBJC_ROOT_CLASS = YES_ERROR;
				CLANG_WARN_QUOTED_INCLUDE_IN_FRAMEWORK_HEADER = YES;
				CLANG_WARN_RANGE_LOOP_ANALYSIS = YES;
				CLANG_WARN_STRICT_PROTOTYPES = YES;
				CLANG_WARN_SUSPICIOUS_MOVE = YES;
				CLANG_WARN_UNGUARDED_AVAILABILITY = YES_AGGRESSIVE;
				CLANG_WARN_UNREACHABLE_CODE = YES;
				CLANG_WARN__DUPLICATE_METHOD_MATCH = YES;
				COPY_PHASE_STRIP = NO;
				DEBUG_INFORMATION_FORMAT = "dwarf-with-dsym";
				ENABLE_NS_ASSERTIONS = NO;
				ENABLE_STRICT_OBJC_MSGSEND = YES;
				GCC_C_LANGUAGE_STANDARD = gnu11;
				GCC_NO_COMMON_BLOCKS = YES;
				GCC_WARN_64_TO_32_BIT_CONVERSION = YES;
				GCC_WARN_ABOUT_RETURN_TYPE = YES_ERROR;
				GCC_WARN_UNDECLARED_SELECTOR = YES;
				GCC_WARN_UNINITIALIZED_AUTOS = YES_AGGRESSIVE;
				GCC_WARN_UNUSED_FUNCTION = YES;
				GCC_WARN_UNUSED_VARIABLE = YES;
				IPHONEOS_DEPLOYMENT_TARGET = 16.4;
				MTL_ENABLE_DEBUG_INFO = NO;
				MTL_FAST_MATH = YES;
				SDKROOT = iphoneos;
				SWIFT_COMPILATION_MODE = wholemodule;
				SWIFT_OPTIMIZATION_LEVEL = "-O";
				VALIDATE_PRODUCT = YES;
			};
			name = Release;
		};
		B6306BCA2AC088D900B0BF80 /* Debug */ = {
			isa = XCBuildConfiguration;
			buildSettings = {
				ASSETCATALOG_COMPILER_APPICON_NAME = AppIcon;
				ASSETCATALOG_COMPILER_GLOBAL_ACCENT_COLOR_NAME = AccentColor;
				CODE_SIGN_STYLE = Automatic;
				CURRENT_PROJECT_VERSION = 1;
				DEVELOPMENT_TEAM = F7X8B5584B;
				GENERATE_INFOPLIST_FILE = YES;
				INFOPLIST_FILE = "Dikii Zapad/Info.plist";
				INFOPLIST_KEY_UIApplicationSupportsIndirectInputEvents = YES;
				INFOPLIST_KEY_UILaunchStoryboardName = LaunchScreen;
				INFOPLIST_KEY_UIStatusBarStyle = UIStatusBarStyleLightContent;
				INFOPLIST_KEY_UISupportedInterfaceOrientations_iPad = "UIInterfaceOrientationPortrait UIInterfaceOrientationPortraitUpsideDown UIInterfaceOrientationLandscapeLeft UIInterfaceOrientationLandscapeRight";
				INFOPLIST_KEY_UISupportedInterfaceOrientations_iPhone = "UIInterfaceOrientationPortrait UIInterfaceOrientationLandscapeLeft UIInterfaceOrientationLandscapeRight";
				IPHONEOS_DEPLOYMENT_TARGET = 13.0;
				LD_RUNPATH_SEARCH_PATHS = (
					"$(inherited)",
					"@executable_path/Frameworks",
				);
				MARKETING_VERSION = 1.0;
				PRODUCT_BUNDLE_IDENTIFIER = "BakaevRoman.Dikii-Zapad";
				PRODUCT_NAME = "$(TARGET_NAME)";
				SWIFT_EMIT_LOC_STRINGS = YES;
				SWIFT_VERSION = 5.0;
				TARGETED_DEVICE_FAMILY = "1,2";
			};
			name = Debug;
		};
		B6306BCB2AC088D900B0BF80 /* Release */ = {
			isa = XCBuildConfiguration;
			buildSettings = {
				ASSETCATALOG_COMPILER_APPICON_NAME = AppIcon;
				ASSETCATALOG_COMPILER_GLOBAL_ACCENT_COLOR_NAME = AccentColor;
				CODE_SIGN_STYLE = Automatic;
				CURRENT_PROJECT_VERSION = 1;
				DEVELOPMENT_TEAM = F7X8B5584B;
				GENERATE_INFOPLIST_FILE = YES;
				INFOPLIST_FILE = "Dikii Zapad/Info.plist";
				INFOPLIST_KEY_UIApplicationSupportsIndirectInputEvents = YES;
				INFOPLIST_KEY_UILaunchStoryboardName = LaunchScreen;
				INFOPLIST_KEY_UIStatusBarStyle = UIStatusBarStyleLightContent;
				INFOPLIST_KEY_UISupportedInterfaceOrientations_iPad = "UIInterfaceOrientationPortrait UIInterfaceOrientationPortraitUpsideDown UIInterfaceOrientationLandscapeLeft UIInterfaceOrientationLandscapeRight";
				INFOPLIST_KEY_UISupportedInterfaceOrientations_iPhone = "UIInterfaceOrientationPortrait UIInterfaceOrientationLandscapeLeft UIInterfaceOrientationLandscapeRight";
				IPHONEOS_DEPLOYMENT_TARGET = 13.0;
				LD_RUNPATH_SEARCH_PATHS = (
					"$(inherited)",
					"@executable_path/Frameworks",
				);
				MARKETING_VERSION = 1.0;
				PRODUCT_BUNDLE_IDENTIFIER = "BakaevRoman.Dikii-Zapad";
				PRODUCT_NAME = "$(TARGET_NAME)";
				SWIFT_EMIT_LOC_STRINGS = YES;
				SWIFT_VERSION = 5.0;
				TARGETED_DEVICE_FAMILY = "1,2";
			};
			name = Release;
		};
/* End XCBuildConfiguration section */

/* Begin XCConfigurationList section */
		B6306BB02AC088D800B0BF80 /* Build configuration list for PBXProject "Dikii Zapad" */ = {
			isa = XCConfigurationList;
			buildConfigurations = (
				B6306BC72AC088D900B0BF80 /* Debug */,
				B6306BC82AC088D900B0BF80 /* Release */,
			);
			defaultConfigurationIsVisible = 0;
			defaultConfigurationName = Release;
		};
		B6306BC92AC088D900B0BF80 /* Build configuration list for PBXNativeTarget "Dikii Zapad" */ = {
			isa = XCConfigurationList;
			buildConfigurations = (
				B6306BCA2AC088D900B0BF80 /* Debug */,
				B6306BCB2AC088D900B0BF80 /* Release */,
			);
			defaultConfigurationIsVisible = 0;
			defaultConfigurationName = Release;
		};
/* End XCConfigurationList section */

/* Begin XCRemoteSwiftPackageReference section */
		0416FD112B5D762B008A5600 /* XCRemoteSwiftPackageReference "OhhAuth" */ = {
			isa = XCRemoteSwiftPackageReference;
			repositoryURL = "https://github.com/mw99/OhhAuth.git";
			requirement = {
				kind = upToNextMajorVersion;
				minimumVersion = 1.0.0;
			};
		};
		0416FD142B5D7AE6008A5600 /* XCRemoteSwiftPackageReference "OAuthSwift" */ = {
			isa = XCRemoteSwiftPackageReference;
			repositoryURL = "https://github.com/OAuthSwift/OAuthSwift.git";
			requirement = {
				kind = upToNextMajorVersion;
				minimumVersion = 2.0.0;
			};
		};
		0416FD172B5D7F68008A5600 /* XCRemoteSwiftPackageReference "Kingfisher" */ = {
			isa = XCRemoteSwiftPackageReference;
			repositoryURL = "https://github.com/onevcat/Kingfisher.git";
			requirement = {
				kind = upToNextMajorVersion;
				minimumVersion = 7.0.0;
			};
		};
		B6306BD12AC1D69200B0BF80 /* XCRemoteSwiftPackageReference "EasyPeasy" */ = {
			isa = XCRemoteSwiftPackageReference;
			repositoryURL = "https://github.com/nakiostudio/EasyPeasy.git";
			requirement = {
				kind = upToNextMajorVersion;
				minimumVersion = 1.0.0;
			};
		};
/* End XCRemoteSwiftPackageReference section */

/* Begin XCSwiftPackageProductDependency section */
		0416FD152B5D7AE6008A5600 /* OAuthSwift */ = {
			isa = XCSwiftPackageProductDependency;
			package = 0416FD142B5D7AE6008A5600 /* XCRemoteSwiftPackageReference "OAuthSwift" */;
			productName = OAuthSwift;
		};
		0416FD182B5D7F68008A5600 /* Kingfisher */ = {
			isa = XCSwiftPackageProductDependency;
			package = 0416FD172B5D7F68008A5600 /* XCRemoteSwiftPackageReference "Kingfisher" */;
			productName = Kingfisher;
		};
		B6306BD22AC1D69200B0BF80 /* EasyPeasy */ = {
			isa = XCSwiftPackageProductDependency;
			package = B6306BD12AC1D69200B0BF80 /* XCRemoteSwiftPackageReference "EasyPeasy" */;
			productName = EasyPeasy;
		};
/* End XCSwiftPackageProductDependency section */
	};
	rootObject = B6306BAD2AC088D800B0BF80 /* Project object */;
}
