// !$*UTF8*$!
{
	archiveVersion = 1;
	classes = {
	};
	objectVersion = 56;
	objects = {

/* Begin PBXBuildFile section */
		0416FD162B5D7AE6008A5600 /* OAuthSwift in Frameworks */ = {isa = PBXBuildFile; productRef = 0416FD152B5D7AE6008A5600 /* OAuthSwift */; };
		0416FD192B5D7F68008A5600 /* Kingfisher in Frameworks */ = {isa = PBXBuildFile; productRef = 0416FD182B5D7F68008A5600 /* Kingfisher */; settings = {ATTRIBUTES = (Required, ); }; };
		042487E42B8A2F89000F9CEC /* CustomAlert.swift in Sources */ = {isa = PBXBuildFile; fileRef = 042487E32B8A2F89000F9CEC /* CustomAlert.swift */; };
		042487EA2B8B296C000F9CEC /* ActionsCell.swift in Sources */ = {isa = PBXBuildFile; fileRef = 042487E92B8B296C000F9CEC /* ActionsCell.swift */; };
		042487EC2B8B5930000F9CEC /* Date + extension.swift in Sources */ = {isa = PBXBuildFile; fileRef = 042487EB2B8B5930000F9CEC /* Date + extension.swift */; };
		0475E7A22B9F935C00BF48BF /* GeneralSettings.swift in Sources */ = {isa = PBXBuildFile; fileRef = 0475E7A12B9F935C00BF48BF /* GeneralSettings.swift */; };
		04A906DF2B669F3D0014DE24 /* GradientView.swift in Sources */ = {isa = PBXBuildFile; fileRef = 04A906DE2B669F3D0014DE24 /* GradientView.swift */; };
		04A9AB442B5C79C6002A8A79 /* ProductsDataService.swift in Sources */ = {isa = PBXBuildFile; fileRef = 04A9AB432B5C79C6002A8A79 /* ProductsDataService.swift */; };
		04A9AB462B5C837D002A8A79 /* Product.swift in Sources */ = {isa = PBXBuildFile; fileRef = 04A9AB452B5C837D002A8A79 /* Product.swift */; };
		04AE02C22B8A0CCC0032C3A4 /* InputMask in Frameworks */ = {isa = PBXBuildFile; productRef = 04AE02C12B8A0CCC0032C3A4 /* InputMask */; };
		04AE02C42B8A2C000032C3A4 /* String + extension.swift in Sources */ = {isa = PBXBuildFile; fileRef = 04AE02C32B8A2C000032C3A4 /* String + extension.swift */; };
		04BDEEF12BAA20DE005C1095 /* LocationDataManager.swift in Sources */ = {isa = PBXBuildFile; fileRef = 04BDEEF02BAA20DE005C1095 /* LocationDataManager.swift */; };
		04D5E5482B64350C004F336E /* UIViewController + Extension.swift in Sources */ = {isa = PBXBuildFile; fileRef = 04D5E5472B64350C004F336E /* UIViewController + Extension.swift */; };
		04E6759E2B8894D2007559C6 /* AddressView.swift in Sources */ = {isa = PBXBuildFile; fileRef = 04E6759D2B8894D2007559C6 /* AddressView.swift */; };
		04E675A02B889E24007559C6 /* UIButtonTransform.swift in Sources */ = {isa = PBXBuildFile; fileRef = 04E6759F2B889E24007559C6 /* UIButtonTransform.swift */; };
		04E675A22B890415007559C6 /* TelegramManager.swift in Sources */ = {isa = PBXBuildFile; fileRef = 04E675A12B890415007559C6 /* TelegramManager.swift */; };
		04E675A42B890EC7007559C6 /* DropDownList.swift in Sources */ = {isa = PBXBuildFile; fileRef = 04E675A32B890EC7007559C6 /* DropDownList.swift */; };
		04E675A62B891343007559C6 /* ItemSelectableDropDown.swift in Sources */ = {isa = PBXBuildFile; fileRef = 04E675A52B891343007559C6 /* ItemSelectableDropDown.swift */; };
		04E6F8D92B651C2E0014398B /* CustomTextField.swift in Sources */ = {isa = PBXBuildFile; fileRef = 04E6F8D82B651C2E0014398B /* CustomTextField.swift */; };
		04E6F8DB2B652AE00014398B /* GestureRecognizerHealpers.swift in Sources */ = {isa = PBXBuildFile; fileRef = 04E6F8DA2B652AE00014398B /* GestureRecognizerHealpers.swift */; };
		04E6F8DD2B653B5C0014398B /* MapDeliveryViewController.swift in Sources */ = {isa = PBXBuildFile; fileRef = 04E6F8DC2B653B5C0014398B /* MapDeliveryViewController.swift */; };
		04ECD5FA2B66C71F00F29F2C /* BottomSheetMapView.swift in Sources */ = {isa = PBXBuildFile; fileRef = 04ECD5F92B66C71F00F29F2C /* BottomSheetMapView.swift */; };
		04ECD5FE2B66CF4500F29F2C /* UIStackView + Extension.swift in Sources */ = {isa = PBXBuildFile; fileRef = 04ECD5FD2B66CF4500F29F2C /* UIStackView + Extension.swift */; };
		04FC3D9F2BA550FC00B5B666 /* Array + extension.swift in Sources */ = {isa = PBXBuildFile; fileRef = 04FC3D9E2BA550FC00B5B666 /* Array + extension.swift */; };
		B6306BB92AC088D800B0BF80 /* AppDelegate.swift in Sources */ = {isa = PBXBuildFile; fileRef = B6306BB82AC088D800B0BF80 /* AppDelegate.swift */; };
		B6306BBB2AC088D800B0BF80 /* SceneDelegate.swift in Sources */ = {isa = PBXBuildFile; fileRef = B6306BBA2AC088D800B0BF80 /* SceneDelegate.swift */; };
		B6306BBD2AC088D800B0BF80 /* MainViewController.swift in Sources */ = {isa = PBXBuildFile; fileRef = B6306BBC2AC088D800B0BF80 /* MainViewController.swift */; };
		B6306BC22AC088D900B0BF80 /* Assets.xcassets in Resources */ = {isa = PBXBuildFile; fileRef = B6306BC12AC088D900B0BF80 /* Assets.xcassets */; };
		B6306BD32AC1D69200B0BF80 /* EasyPeasy in Frameworks */ = {isa = PBXBuildFile; productRef = B6306BD22AC1D69200B0BF80 /* EasyPeasy */; };
		B645C35F2AC349D80079C8F2 /* DataStore.swift in Sources */ = {isa = PBXBuildFile; fileRef = B645C35E2AC349D80079C8F2 /* DataStore.swift */; };
		B645C3612AC34F960079C8F2 /* ProductCell.swift in Sources */ = {isa = PBXBuildFile; fileRef = B645C3602AC34F960079C8F2 /* ProductCell.swift */; };
		B645C3632AC353060079C8F2 /* UIView + extension.swift in Sources */ = {isa = PBXBuildFile; fileRef = B645C3622AC353060079C8F2 /* UIView + extension.swift */; };
		B645C3652AC365FC0079C8F2 /* DetailsProductViewController.swift in Sources */ = {isa = PBXBuildFile; fileRef = B645C3642AC365FC0079C8F2 /* DetailsProductViewController.swift */; };
		B645C36C2AC9D06B0079C8F2 /* Capture it.ttf in Resources */ = {isa = PBXBuildFile; fileRef = B645C36B2AC9D06B0079C8F2 /* Capture it.ttf */; };
		B667A04A2AE58C1E003D8069 /* AdditiveCell.swift in Sources */ = {isa = PBXBuildFile; fileRef = B667A0492AE58C1E003D8069 /* AdditiveCell.swift */; };
		B66D7BA92AFD271F009C34CB /* CheckBoxButton.swift in Sources */ = {isa = PBXBuildFile; fileRef = B66D7BA82AFD271F009C34CB /* CheckBoxButton.swift */; };
		B66D7BAC2B0A9307009C34CB /* CartCell.swift in Sources */ = {isa = PBXBuildFile; fileRef = B66D7BAB2B0A9307009C34CB /* CartCell.swift */; };
		B67122992B7E747D00E051EF /* OrderViewController.swift in Sources */ = {isa = PBXBuildFile; fileRef = B67122982B7E747D00E051EF /* OrderViewController.swift */; };
		B6DB40FE2AEFF2E6005963ED /* CustomButton.swift in Sources */ = {isa = PBXBuildFile; fileRef = B6DB40FD2AEFF2E6005963ED /* CustomButton.swift */; };
		B6DF27182ACC387F00FC45D0 /* LaunchViewController.swift in Sources */ = {isa = PBXBuildFile; fileRef = B6DF27172ACC387F00FC45D0 /* LaunchViewController.swift */; };
		B6DF271D2ACC63A500FC45D0 /* MainTabBarController.swift in Sources */ = {isa = PBXBuildFile; fileRef = B6DF271C2ACC63A500FC45D0 /* MainTabBarController.swift */; };
		B6DF271F2ACC640700FC45D0 /* ActionsViewController.swift in Sources */ = {isa = PBXBuildFile; fileRef = B6DF271E2ACC640700FC45D0 /* ActionsViewController.swift */; };
		B6DF27212ACC643600FC45D0 /* ContactsViewController.swift in Sources */ = {isa = PBXBuildFile; fileRef = B6DF27202ACC643500FC45D0 /* ContactsViewController.swift */; };
		B6DF27232ACC649E00FC45D0 /* CartViewController.swift in Sources */ = {isa = PBXBuildFile; fileRef = B6DF27222ACC649E00FC45D0 /* CartViewController.swift */; };
		B6DF27252ACC7E2A00FC45D0 /* UIColorExtension.swift in Sources */ = {isa = PBXBuildFile; fileRef = B6DF27242ACC7E2A00FC45D0 /* UIColorExtension.swift */; };
		B6F3EA542AD57B4000270662 /* SectionHeaderReusableView.swift in Sources */ = {isa = PBXBuildFile; fileRef = B6F3EA532AD57B4000270662 /* SectionHeaderReusableView.swift */; };
		B6F3EA562AD5DD1400270662 /* CustomRegisterTextfield.swift in Sources */ = {isa = PBXBuildFile; fileRef = B6F3EA552AD5DD1400270662 /* CustomRegisterTextfield.swift */; };
		B6F3EA5A2AD9604000270662 /* DeliveryFormViewController.swift in Sources */ = {isa = PBXBuildFile; fileRef = B6F3EA592AD9604000270662 /* DeliveryFormViewController.swift */; };
		CF9A2B1C59CF189A075FB2E6 /* Pods_Dikii_Zapad.framework in Frameworks */ = {isa = PBXBuildFile; fileRef = C08C28E701430478BA479FC9 /* Pods_Dikii_Zapad.framework */; };
		DF0E627B2BFDCCFD00F70903 /* TabBar + extension.swift in Sources */ = {isa = PBXBuildFile; fileRef = DF0E627A2BFDCCFD00F70903 /* TabBar + extension.swift */; };
		DF0E627E2BFDCF2D00F70903 /* VacanciesViewController.swift in Sources */ = {isa = PBXBuildFile; fileRef = DF0E627D2BFDCF2D00F70903 /* VacanciesViewController.swift */; };
		DF0E62802BFDD72A00F70903 /* VacancyCell.swift in Sources */ = {isa = PBXBuildFile; fileRef = DF0E627F2BFDD72A00F70903 /* VacancyCell.swift */; };
		DF1257CD2C0DBFCA00750459 /* DotsView.swift in Sources */ = {isa = PBXBuildFile; fileRef = DF1257CC2C0DBFCA00750459 /* DotsView.swift */; };
		DF1E102B2BBF17BE0035C464 /* SkeletonView.swift in Sources */ = {isa = PBXBuildFile; fileRef = DF1E102A2BBF17BD0035C464 /* SkeletonView.swift */; };
		DF23D0A32C08C72B008E19B4 /* GradientButton.swift in Sources */ = {isa = PBXBuildFile; fileRef = DF23D0A22C08C72B008E19B4 /* GradientButton.swift */; };
		DF2BB1FC2C186ADF007A3EDA /* Dikii_ZapadTests.swift in Sources */ = {isa = PBXBuildFile; fileRef = DF2BB1FB2C186ADF007A3EDA /* Dikii_ZapadTests.swift */; };
		DF2BB2032C186D23007A3EDA /* CoffeeTest.swift in Sources */ = {isa = PBXBuildFile; fileRef = DF2BB2022C186D23007A3EDA /* CoffeeTest.swift */; };
		DF2BB2052C188396007A3EDA /* LogsViewController.swift in Sources */ = {isa = PBXBuildFile; fileRef = DF2BB2042C188396007A3EDA /* LogsViewController.swift */; };
		DF2BB2072C188832007A3EDA /* LogoCell.swift in Sources */ = {isa = PBXBuildFile; fileRef = DF2BB2062C188832007A3EDA /* LogoCell.swift */; };
		DF2BB2092C188A29007A3EDA /* LogsCollector.swift in Sources */ = {isa = PBXBuildFile; fileRef = DF2BB2082C188A29007A3EDA /* LogsCollector.swift */; };
		DF547D322BD80DB1000E8501 /* LoadingImageView.swift in Sources */ = {isa = PBXBuildFile; fileRef = DF547D312BD80DB1000E8501 /* LoadingImageView.swift */; };
		DF737ED42BF7B00A00C82165 /* HistoryOrdersViewController.swift in Sources */ = {isa = PBXBuildFile; fileRef = DF737ED32BF7B00A00C82165 /* HistoryOrdersViewController.swift */; };
		DF9106D42BFCBE0100E4D609 /* HistoryOrdersCell.swift in Sources */ = {isa = PBXBuildFile; fileRef = DF9106D32BFCBE0100E4D609 /* HistoryOrdersCell.swift */; };
		DFB941B32BCAEBE700F20061 /* NavigationController.swift in Sources */ = {isa = PBXBuildFile; fileRef = DFB941B22BCAEBE700F20061 /* NavigationController.swift */; };
		DFF44F7A2BDEBC5B00395D69 /* GoogleService-Info.plist in Resources */ = {isa = PBXBuildFile; fileRef = DFF44F792BDEBC5B00395D69 /* GoogleService-Info.plist */; };
/* End PBXBuildFile section */

/* Begin PBXContainerItemProxy section */
		DF2BB1FD2C186ADF007A3EDA /* PBXContainerItemProxy */ = {
			isa = PBXContainerItemProxy;
			containerPortal = B6306BAD2AC088D800B0BF80 /* Project object */;
			proxyType = 1;
			remoteGlobalIDString = B6306BB42AC088D800B0BF80;
			remoteInfo = "Dikii Zapad";
		};
/* End PBXContainerItemProxy section */

/* Begin PBXFileReference section */
		042487E32B8A2F89000F9CEC /* CustomAlert.swift */ = {isa = PBXFileReference; lastKnownFileType = sourcecode.swift; path = CustomAlert.swift; sourceTree = "<group>"; };
		042487E92B8B296C000F9CEC /* ActionsCell.swift */ = {isa = PBXFileReference; lastKnownFileType = sourcecode.swift; path = ActionsCell.swift; sourceTree = "<group>"; };
		042487EB2B8B5930000F9CEC /* Date + extension.swift */ = {isa = PBXFileReference; lastKnownFileType = sourcecode.swift; path = "Date + extension.swift"; sourceTree = "<group>"; };
		0475E7A12B9F935C00BF48BF /* GeneralSettings.swift */ = {isa = PBXFileReference; lastKnownFileType = sourcecode.swift; path = GeneralSettings.swift; sourceTree = "<group>"; };
		04A906DE2B669F3D0014DE24 /* GradientView.swift */ = {isa = PBXFileReference; lastKnownFileType = sourcecode.swift; path = GradientView.swift; sourceTree = "<group>"; };
		04A9AB432B5C79C6002A8A79 /* ProductsDataService.swift */ = {isa = PBXFileReference; lastKnownFileType = sourcecode.swift; path = ProductsDataService.swift; sourceTree = "<group>"; };
		04A9AB452B5C837D002A8A79 /* Product.swift */ = {isa = PBXFileReference; lastKnownFileType = sourcecode.swift; path = Product.swift; sourceTree = "<group>"; };
		04AE02C32B8A2C000032C3A4 /* String + extension.swift */ = {isa = PBXFileReference; lastKnownFileType = sourcecode.swift; path = "String + extension.swift"; sourceTree = "<group>"; };
		04BDEEF02BAA20DE005C1095 /* LocationDataManager.swift */ = {isa = PBXFileReference; lastKnownFileType = sourcecode.swift; path = LocationDataManager.swift; sourceTree = "<group>"; };
		04D5E5472B64350C004F336E /* UIViewController + Extension.swift */ = {isa = PBXFileReference; lastKnownFileType = sourcecode.swift; path = "UIViewController + Extension.swift"; sourceTree = "<group>"; };
		04E6759D2B8894D2007559C6 /* AddressView.swift */ = {isa = PBXFileReference; lastKnownFileType = sourcecode.swift; path = AddressView.swift; sourceTree = "<group>"; };
		04E6759F2B889E24007559C6 /* UIButtonTransform.swift */ = {isa = PBXFileReference; lastKnownFileType = sourcecode.swift; path = UIButtonTransform.swift; sourceTree = "<group>"; };
		04E675A12B890415007559C6 /* TelegramManager.swift */ = {isa = PBXFileReference; lastKnownFileType = sourcecode.swift; path = TelegramManager.swift; sourceTree = "<group>"; };
		04E675A32B890EC7007559C6 /* DropDownList.swift */ = {isa = PBXFileReference; lastKnownFileType = sourcecode.swift; path = DropDownList.swift; sourceTree = "<group>"; };
		04E675A52B891343007559C6 /* ItemSelectableDropDown.swift */ = {isa = PBXFileReference; lastKnownFileType = sourcecode.swift; path = ItemSelectableDropDown.swift; sourceTree = "<group>"; };
		04E6F8D82B651C2E0014398B /* CustomTextField.swift */ = {isa = PBXFileReference; lastKnownFileType = sourcecode.swift; path = CustomTextField.swift; sourceTree = "<group>"; };
		04E6F8DA2B652AE00014398B /* GestureRecognizerHealpers.swift */ = {isa = PBXFileReference; lastKnownFileType = sourcecode.swift; path = GestureRecognizerHealpers.swift; sourceTree = "<group>"; };
		04E6F8DC2B653B5C0014398B /* MapDeliveryViewController.swift */ = {isa = PBXFileReference; lastKnownFileType = sourcecode.swift; path = MapDeliveryViewController.swift; sourceTree = "<group>"; };
		04ECD5F92B66C71F00F29F2C /* BottomSheetMapView.swift */ = {isa = PBXFileReference; lastKnownFileType = sourcecode.swift; path = BottomSheetMapView.swift; sourceTree = "<group>"; };
		04ECD5FD2B66CF4500F29F2C /* UIStackView + Extension.swift */ = {isa = PBXFileReference; lastKnownFileType = sourcecode.swift; path = "UIStackView + Extension.swift"; sourceTree = "<group>"; };
		04FC3D9E2BA550FC00B5B666 /* Array + extension.swift */ = {isa = PBXFileReference; lastKnownFileType = sourcecode.swift; path = "Array + extension.swift"; sourceTree = "<group>"; };
		6B7F19A0CA94A114E7A76097 /* Pods-Dikii Zapad.debug.xcconfig */ = {isa = PBXFileReference; includeInIndex = 1; lastKnownFileType = text.xcconfig; name = "Pods-Dikii Zapad.debug.xcconfig"; path = "Target Support Files/Pods-Dikii Zapad/Pods-Dikii Zapad.debug.xcconfig"; sourceTree = "<group>"; };
		B04B0F270EF25A3EC346C392 /* Pods-Dikii Zapad.release.xcconfig */ = {isa = PBXFileReference; includeInIndex = 1; lastKnownFileType = text.xcconfig; name = "Pods-Dikii Zapad.release.xcconfig"; path = "Target Support Files/Pods-Dikii Zapad/Pods-Dikii Zapad.release.xcconfig"; sourceTree = "<group>"; };
		B6306BB52AC088D800B0BF80 /* Dikii Zapad.app */ = {isa = PBXFileReference; explicitFileType = wrapper.application; includeInIndex = 0; path = "Dikii Zapad.app"; sourceTree = BUILT_PRODUCTS_DIR; };
		B6306BB82AC088D800B0BF80 /* AppDelegate.swift */ = {isa = PBXFileReference; lastKnownFileType = sourcecode.swift; path = AppDelegate.swift; sourceTree = "<group>"; };
		B6306BBA2AC088D800B0BF80 /* SceneDelegate.swift */ = {isa = PBXFileReference; lastKnownFileType = sourcecode.swift; path = SceneDelegate.swift; sourceTree = "<group>"; };
		B6306BBC2AC088D800B0BF80 /* MainViewController.swift */ = {isa = PBXFileReference; lastKnownFileType = sourcecode.swift; path = MainViewController.swift; sourceTree = "<group>"; };
		B6306BC12AC088D900B0BF80 /* Assets.xcassets */ = {isa = PBXFileReference; lastKnownFileType = folder.assetcatalog; path = Assets.xcassets; sourceTree = "<group>"; };
		B6306BC62AC088D900B0BF80 /* Info.plist */ = {isa = PBXFileReference; lastKnownFileType = text.plist.xml; path = Info.plist; sourceTree = "<group>"; };
		B645C35E2AC349D80079C8F2 /* DataStore.swift */ = {isa = PBXFileReference; lastKnownFileType = sourcecode.swift; path = DataStore.swift; sourceTree = "<group>"; };
		B645C3602AC34F960079C8F2 /* ProductCell.swift */ = {isa = PBXFileReference; lastKnownFileType = sourcecode.swift; path = ProductCell.swift; sourceTree = "<group>"; };
		B645C3622AC353060079C8F2 /* UIView + extension.swift */ = {isa = PBXFileReference; lastKnownFileType = sourcecode.swift; path = "UIView + extension.swift"; sourceTree = "<group>"; };
		B645C3642AC365FC0079C8F2 /* DetailsProductViewController.swift */ = {isa = PBXFileReference; lastKnownFileType = sourcecode.swift; path = DetailsProductViewController.swift; sourceTree = "<group>"; };
		B645C36B2AC9D06B0079C8F2 /* Capture it.ttf */ = {isa = PBXFileReference; lastKnownFileType = file; path = "Capture it.ttf"; sourceTree = "<group>"; };
		B667A0492AE58C1E003D8069 /* AdditiveCell.swift */ = {isa = PBXFileReference; lastKnownFileType = sourcecode.swift; path = AdditiveCell.swift; sourceTree = "<group>"; };
		B66D7BA82AFD271F009C34CB /* CheckBoxButton.swift */ = {isa = PBXFileReference; lastKnownFileType = sourcecode.swift; path = CheckBoxButton.swift; sourceTree = "<group>"; };
		B66D7BAB2B0A9307009C34CB /* CartCell.swift */ = {isa = PBXFileReference; lastKnownFileType = sourcecode.swift; path = CartCell.swift; sourceTree = "<group>"; };
		B67122982B7E747D00E051EF /* OrderViewController.swift */ = {isa = PBXFileReference; lastKnownFileType = sourcecode.swift; path = OrderViewController.swift; sourceTree = "<group>"; };
		B6DB40FD2AEFF2E6005963ED /* CustomButton.swift */ = {isa = PBXFileReference; fileEncoding = 4; lastKnownFileType = sourcecode.swift; path = CustomButton.swift; sourceTree = "<group>"; };
		B6DF27172ACC387F00FC45D0 /* LaunchViewController.swift */ = {isa = PBXFileReference; lastKnownFileType = sourcecode.swift; path = LaunchViewController.swift; sourceTree = "<group>"; };
		B6DF271C2ACC63A500FC45D0 /* MainTabBarController.swift */ = {isa = PBXFileReference; lastKnownFileType = sourcecode.swift; path = MainTabBarController.swift; sourceTree = "<group>"; };
		B6DF271E2ACC640700FC45D0 /* ActionsViewController.swift */ = {isa = PBXFileReference; lastKnownFileType = sourcecode.swift; path = ActionsViewController.swift; sourceTree = "<group>"; };
		B6DF27202ACC643500FC45D0 /* ContactsViewController.swift */ = {isa = PBXFileReference; lastKnownFileType = sourcecode.swift; path = ContactsViewController.swift; sourceTree = "<group>"; };
		B6DF27222ACC649E00FC45D0 /* CartViewController.swift */ = {isa = PBXFileReference; lastKnownFileType = sourcecode.swift; path = CartViewController.swift; sourceTree = "<group>"; };
		B6DF27242ACC7E2A00FC45D0 /* UIColorExtension.swift */ = {isa = PBXFileReference; lastKnownFileType = sourcecode.swift; path = UIColorExtension.swift; sourceTree = "<group>"; };
		B6F3EA532AD57B4000270662 /* SectionHeaderReusableView.swift */ = {isa = PBXFileReference; lastKnownFileType = sourcecode.swift; path = SectionHeaderReusableView.swift; sourceTree = "<group>"; };
		B6F3EA552AD5DD1400270662 /* CustomRegisterTextfield.swift */ = {isa = PBXFileReference; lastKnownFileType = sourcecode.swift; path = CustomRegisterTextfield.swift; sourceTree = "<group>"; };
		B6F3EA592AD9604000270662 /* DeliveryFormViewController.swift */ = {isa = PBXFileReference; lastKnownFileType = sourcecode.swift; path = DeliveryFormViewController.swift; sourceTree = "<group>"; };
		C08C28E701430478BA479FC9 /* Pods_Dikii_Zapad.framework */ = {isa = PBXFileReference; explicitFileType = wrapper.framework; includeInIndex = 0; path = Pods_Dikii_Zapad.framework; sourceTree = BUILT_PRODUCTS_DIR; };
		DF01BF002BCD8F6100B1374F /* PrivacyInfo.xcprivacy */ = {isa = PBXFileReference; lastKnownFileType = text.xml; path = PrivacyInfo.xcprivacy; sourceTree = "<group>"; };
		DF0E627A2BFDCCFD00F70903 /* TabBar + extension.swift */ = {isa = PBXFileReference; lastKnownFileType = sourcecode.swift; path = "TabBar + extension.swift"; sourceTree = "<group>"; };
		DF0E627D2BFDCF2D00F70903 /* VacanciesViewController.swift */ = {isa = PBXFileReference; lastKnownFileType = sourcecode.swift; path = VacanciesViewController.swift; sourceTree = "<group>"; };
		DF0E627F2BFDD72A00F70903 /* VacancyCell.swift */ = {isa = PBXFileReference; lastKnownFileType = sourcecode.swift; path = VacancyCell.swift; sourceTree = "<group>"; };
		DF10AD252BDD36EE00567B80 /* Dikii Zapad.entitlements */ = {isa = PBXFileReference; lastKnownFileType = text.plist.entitlements; path = "Dikii Zapad.entitlements"; sourceTree = "<group>"; };
		DF1257CC2C0DBFCA00750459 /* DotsView.swift */ = {isa = PBXFileReference; lastKnownFileType = sourcecode.swift; path = DotsView.swift; sourceTree = "<group>"; };
		DF1E102A2BBF17BD0035C464 /* SkeletonView.swift */ = {isa = PBXFileReference; lastKnownFileType = sourcecode.swift; path = SkeletonView.swift; sourceTree = "<group>"; };
		DF23D0A22C08C72B008E19B4 /* GradientButton.swift */ = {isa = PBXFileReference; lastKnownFileType = sourcecode.swift; path = GradientButton.swift; sourceTree = "<group>"; };
		DF2BB1F92C186ADF007A3EDA /* Dikii ZapadTests.xctest */ = {isa = PBXFileReference; explicitFileType = wrapper.cfbundle; includeInIndex = 0; path = "Dikii ZapadTests.xctest"; sourceTree = BUILT_PRODUCTS_DIR; };
		DF2BB1FB2C186ADF007A3EDA /* Dikii_ZapadTests.swift */ = {isa = PBXFileReference; lastKnownFileType = sourcecode.swift; path = Dikii_ZapadTests.swift; sourceTree = "<group>"; };
		DF2BB2022C186D23007A3EDA /* CoffeeTest.swift */ = {isa = PBXFileReference; lastKnownFileType = sourcecode.swift; path = CoffeeTest.swift; sourceTree = "<group>"; };
		DF2BB2042C188396007A3EDA /* LogsViewController.swift */ = {isa = PBXFileReference; lastKnownFileType = sourcecode.swift; path = LogsViewController.swift; sourceTree = "<group>"; };
		DF2BB2062C188832007A3EDA /* LogoCell.swift */ = {isa = PBXFileReference; lastKnownFileType = sourcecode.swift; path = LogoCell.swift; sourceTree = "<group>"; };
		DF2BB2082C188A29007A3EDA /* LogsCollector.swift */ = {isa = PBXFileReference; lastKnownFileType = sourcecode.swift; path = LogsCollector.swift; sourceTree = "<group>"; };
		DF547D312BD80DB1000E8501 /* LoadingImageView.swift */ = {isa = PBXFileReference; lastKnownFileType = sourcecode.swift; path = LoadingImageView.swift; sourceTree = "<group>"; };
		DF737ED32BF7B00A00C82165 /* HistoryOrdersViewController.swift */ = {isa = PBXFileReference; lastKnownFileType = sourcecode.swift; path = HistoryOrdersViewController.swift; sourceTree = "<group>"; };
		DF9106D32BFCBE0100E4D609 /* HistoryOrdersCell.swift */ = {isa = PBXFileReference; lastKnownFileType = sourcecode.swift; path = HistoryOrdersCell.swift; sourceTree = "<group>"; };
		DFB941B22BCAEBE700F20061 /* NavigationController.swift */ = {isa = PBXFileReference; lastKnownFileType = sourcecode.swift; path = NavigationController.swift; sourceTree = "<group>"; };
		DFF44F792BDEBC5B00395D69 /* GoogleService-Info.plist */ = {isa = PBXFileReference; fileEncoding = 4; lastKnownFileType = text.plist.xml; path = "GoogleService-Info.plist"; sourceTree = "<group>"; };
/* End PBXFileReference section */

/* Begin PBXFrameworksBuildPhase section */
		B6306BB22AC088D800B0BF80 /* Frameworks */ = {
			isa = PBXFrameworksBuildPhase;
			buildActionMask = 2147483647;
			files = (
				0416FD192B5D7F68008A5600 /* Kingfisher in Frameworks */,
				04AE02C22B8A0CCC0032C3A4 /* InputMask in Frameworks */,
				0416FD162B5D7AE6008A5600 /* OAuthSwift in Frameworks */,
				B6306BD32AC1D69200B0BF80 /* EasyPeasy in Frameworks */,
				CF9A2B1C59CF189A075FB2E6 /* Pods_Dikii_Zapad.framework in Frameworks */,
			);
			runOnlyForDeploymentPostprocessing = 0;
		};
		DF2BB1F62C186ADF007A3EDA /* Frameworks */ = {
			isa = PBXFrameworksBuildPhase;
			buildActionMask = 2147483647;
			files = (
			);
			runOnlyForDeploymentPostprocessing = 0;
		};
/* End PBXFrameworksBuildPhase section */

/* Begin PBXGroup section */
		042487E52B8B28B3000F9CEC /* TabVieeweControllers */ = {
			isa = PBXGroup;
			children = (
				DF2BB20A2C18A773007A3EDA /* LogsViewController */,
				DF0E627C2BFDCF0F00F70903 /* Vacancies */,
				042487E72B8B2931000F9CEC /* MainViewController */,
				042487E82B8B2952000F9CEC /* ActionsViewController */,
				B6DF27202ACC643500FC45D0 /* ContactsViewController.swift */,
				B6DF27222ACC649E00FC45D0 /* CartViewController.swift */,
			);
			path = TabVieeweControllers;
			sourceTree = "<group>";
		};
		042487E62B8B28F6000F9CEC /* Main */ = {
			isa = PBXGroup;
			children = (
				B6DF27172ACC387F00FC45D0 /* LaunchViewController.swift */,
				B6DF271C2ACC63A500FC45D0 /* MainTabBarController.swift */,
			);
			path = Main;
			sourceTree = "<group>";
		};
		042487E72B8B2931000F9CEC /* MainViewController */ = {
			isa = PBXGroup;
			children = (
				B6306BBC2AC088D800B0BF80 /* MainViewController.swift */,
				B645C3602AC34F960079C8F2 /* ProductCell.swift */,
				B6F3EA532AD57B4000270662 /* SectionHeaderReusableView.swift */,
			);
			path = MainViewController;
			sourceTree = "<group>";
		};
		042487E82B8B2952000F9CEC /* ActionsViewController */ = {
			isa = PBXGroup;
			children = (
				B6DF271E2ACC640700FC45D0 /* ActionsViewController.swift */,
				042487E92B8B296C000F9CEC /* ActionsCell.swift */,
			);
			path = ActionsViewController;
			sourceTree = "<group>";
		};
		043842092B657BD2009632DC /* MapDelivery */ = {
			isa = PBXGroup;
			children = (
				04E6F8DC2B653B5C0014398B /* MapDeliveryViewController.swift */,
				04ECD5F92B66C71F00F29F2C /* BottomSheetMapView.swift */,
			);
			path = MapDelivery;
			sourceTree = "<group>";
		};
		04A9AB422B5C7992002A8A79 /* Healpers */ = {
			isa = PBXGroup;
			children = (
				04A9AB432B5C79C6002A8A79 /* ProductsDataService.swift */,
				04E6F8DA2B652AE00014398B /* GestureRecognizerHealpers.swift */,
				04E675A12B890415007559C6 /* TelegramManager.swift */,
				04BDEEF02BAA20DE005C1095 /* LocationDataManager.swift */,
				DF547D312BD80DB1000E8501 /* LoadingImageView.swift */,
				DF2BB2082C188A29007A3EDA /* LogsCollector.swift */,
			);
			path = Healpers;
			sourceTree = "<group>";
		};
		04E6F8D72B651BF30014398B /* CommonElements */ = {
			isa = PBXGroup;
			children = (
				04E6F8D82B651C2E0014398B /* CustomTextField.swift */,
				DF23D0A22C08C72B008E19B4 /* GradientButton.swift */,
				04A906DE2B669F3D0014DE24 /* GradientView.swift */,
				042487E32B8A2F89000F9CEC /* CustomAlert.swift */,
				04E675A32B890EC7007559C6 /* DropDownList.swift */,
				04E675A52B891343007559C6 /* ItemSelectableDropDown.swift */,
				DF1E102A2BBF17BD0035C464 /* SkeletonView.swift */,
				DF1257CC2C0DBFCA00750459 /* DotsView.swift */,
			);
			path = CommonElements;
			sourceTree = "<group>";
		};
		7FF0FD147D2FA291983C235F /* Frameworks */ = {
			isa = PBXGroup;
			children = (
				C08C28E701430478BA479FC9 /* Pods_Dikii_Zapad.framework */,
			);
			name = Frameworks;
			sourceTree = "<group>";
		};
		B6306BAC2AC088D800B0BF80 = {
			isa = PBXGroup;
			children = (
				DF01BF002BCD8F6100B1374F /* PrivacyInfo.xcprivacy */,
				B6306BB72AC088D800B0BF80 /* Dikii Zapad */,
				DF2BB1FA2C186ADF007A3EDA /* Dikii ZapadTests */,
				B6306BB62AC088D800B0BF80 /* Products */,
				BA462CE9236710BF23C31CA5 /* Pods */,
				7FF0FD147D2FA291983C235F /* Frameworks */,
			);
			sourceTree = "<group>";
		};
		B6306BB62AC088D800B0BF80 /* Products */ = {
			isa = PBXGroup;
			children = (
				B6306BB52AC088D800B0BF80 /* Dikii Zapad.app */,
				DF2BB1F92C186ADF007A3EDA /* Dikii ZapadTests.xctest */,
			);
			name = Products;
			sourceTree = "<group>";
		};
		B6306BB72AC088D800B0BF80 /* Dikii Zapad */ = {
			isa = PBXGroup;
			children = (
				DF10AD252BDD36EE00567B80 /* Dikii Zapad.entitlements */,
				04A9AB422B5C7992002A8A79 /* Healpers */,
				B645C3662AC9CF080079C8F2 /* FONT */,
				B6DF27272ACD5F0000FC45D0 /* Scene */,
				B6DF27262ACD5EB800FC45D0 /* Extension */,
				B66D7BAA2B054610009C34CB /* ViewControllers */,
				B66D7BAB2B0A9307009C34CB /* CartCell.swift */,
				04E6F8D72B651BF30014398B /* CommonElements */,
				B645C35E2AC349D80079C8F2 /* DataStore.swift */,
				B6306BC12AC088D900B0BF80 /* Assets.xcassets */,
				B6306BC62AC088D900B0BF80 /* Info.plist */,
				DFF44F792BDEBC5B00395D69 /* GoogleService-Info.plist */,
				B6DB40FD2AEFF2E6005963ED /* CustomButton.swift */,
				04E6759F2B889E24007559C6 /* UIButtonTransform.swift */,
				B6F3EA552AD5DD1400270662 /* CustomRegisterTextfield.swift */,
				B667A0492AE58C1E003D8069 /* AdditiveCell.swift */,
				B66D7BA82AFD271F009C34CB /* CheckBoxButton.swift */,
				04E6759D2B8894D2007559C6 /* AddressView.swift */,
				04A9AB452B5C837D002A8A79 /* Product.swift */,
				0475E7A12B9F935C00BF48BF /* GeneralSettings.swift */,
			);
			path = "Dikii Zapad";
			sourceTree = "<group>";
		};
		B645C3662AC9CF080079C8F2 /* FONT */ = {
			isa = PBXGroup;
			children = (
				B645C36B2AC9D06B0079C8F2 /* Capture it.ttf */,
			);
			path = FONT;
			sourceTree = "<group>";
		};
		B66D7BAA2B054610009C34CB /* ViewControllers */ = {
			isa = PBXGroup;
			children = (
				042487E62B8B28F6000F9CEC /* Main */,
				042487E52B8B28B3000F9CEC /* TabVieeweControllers */,
				B645C3642AC365FC0079C8F2 /* DetailsProductViewController.swift */,
				B67122982B7E747D00E051EF /* OrderViewController.swift */,
				B6F3EA592AD9604000270662 /* DeliveryFormViewController.swift */,
				043842092B657BD2009632DC /* MapDelivery */,
				DF9106D22BFCBDE200E4D609 /* HistoryOrder */,
			);
			path = ViewControllers;
			sourceTree = "<group>";
		};
		B6DF27262ACD5EB800FC45D0 /* Extension */ = {
			isa = PBXGroup;
			children = (
				B6DF27242ACC7E2A00FC45D0 /* UIColorExtension.swift */,
				DFB941B22BCAEBE700F20061 /* NavigationController.swift */,
				B645C3622AC353060079C8F2 /* UIView + extension.swift */,
				04D5E5472B64350C004F336E /* UIViewController + Extension.swift */,
				04ECD5FD2B66CF4500F29F2C /* UIStackView + Extension.swift */,
				04AE02C32B8A2C000032C3A4 /* String + extension.swift */,
				042487EB2B8B5930000F9CEC /* Date + extension.swift */,
				04FC3D9E2BA550FC00B5B666 /* Array + extension.swift */,
				DF0E627A2BFDCCFD00F70903 /* TabBar + extension.swift */,
			);
			path = Extension;
			sourceTree = "<group>";
		};
		B6DF27272ACD5F0000FC45D0 /* Scene */ = {
			isa = PBXGroup;
			children = (
				B6306BBA2AC088D800B0BF80 /* SceneDelegate.swift */,
				B6306BB82AC088D800B0BF80 /* AppDelegate.swift */,
			);
			path = Scene;
			sourceTree = "<group>";
		};
		BA462CE9236710BF23C31CA5 /* Pods */ = {
			isa = PBXGroup;
			children = (
				6B7F19A0CA94A114E7A76097 /* Pods-Dikii Zapad.debug.xcconfig */,
				B04B0F270EF25A3EC346C392 /* Pods-Dikii Zapad.release.xcconfig */,
			);
			path = Pods;
			sourceTree = "<group>";
		};
		DF0E627C2BFDCF0F00F70903 /* Vacancies */ = {
			isa = PBXGroup;
			children = (
				DF0E627D2BFDCF2D00F70903 /* VacanciesViewController.swift */,
				DF0E627F2BFDD72A00F70903 /* VacancyCell.swift */,
			);
			path = Vacancies;
			sourceTree = "<group>";
		};
		DF2BB1FA2C186ADF007A3EDA /* Dikii ZapadTests */ = {
			isa = PBXGroup;
			children = (
				DF2BB1FB2C186ADF007A3EDA /* Dikii_ZapadTests.swift */,
				DF2BB2022C186D23007A3EDA /* CoffeeTest.swift */,
			);
			path = "Dikii ZapadTests";
			sourceTree = "<group>";
		};
		DF2BB20A2C18A773007A3EDA /* LogsViewController */ = {
			isa = PBXGroup;
			children = (
				DF2BB2042C188396007A3EDA /* LogsViewController.swift */,
				DF2BB2062C188832007A3EDA /* LogoCell.swift */,
			);
			path = LogsViewController;
			sourceTree = "<group>";
		};
		DF9106D22BFCBDE200E4D609 /* HistoryOrder */ = {
			isa = PBXGroup;
			children = (
				DF737ED32BF7B00A00C82165 /* HistoryOrdersViewController.swift */,
				DF9106D32BFCBE0100E4D609 /* HistoryOrdersCell.swift */,
			);
			path = HistoryOrder;
			sourceTree = "<group>";
		};
/* End PBXGroup section */

/* Begin PBXNativeTarget section */
		B6306BB42AC088D800B0BF80 /* Dikii Zapad */ = {
			isa = PBXNativeTarget;
			buildConfigurationList = B6306BC92AC088D900B0BF80 /* Build configuration list for PBXNativeTarget "Dikii Zapad" */;
			buildPhases = (
				C99FEEEAC61FAF703D284A4F /* [CP] Check Pods Manifest.lock */,
				B6306BB12AC088D800B0BF80 /* Sources */,
				B6306BB22AC088D800B0BF80 /* Frameworks */,
				B6306BB32AC088D800B0BF80 /* Resources */,
				F8A8635F62F18793889B27AC /* [CP] Embed Pods Frameworks */,
			);
			buildRules = (
			);
			dependencies = (
			);
			name = "Dikii Zapad";
			packageProductDependencies = (
				B6306BD22AC1D69200B0BF80 /* EasyPeasy */,
				0416FD152B5D7AE6008A5600 /* OAuthSwift */,
				0416FD182B5D7F68008A5600 /* Kingfisher */,
				04AE02C12B8A0CCC0032C3A4 /* InputMask */,
			);
			productName = "Dikii Zapad";
			productReference = B6306BB52AC088D800B0BF80 /* Dikii Zapad.app */;
			productType = "com.apple.product-type.application";
		};
		DF2BB1F82C186ADF007A3EDA /* Dikii ZapadTests */ = {
			isa = PBXNativeTarget;
			buildConfigurationList = DF2BB2012C186ADF007A3EDA /* Build configuration list for PBXNativeTarget "Dikii ZapadTests" */;
			buildPhases = (
				DF2BB1F52C186ADF007A3EDA /* Sources */,
				DF2BB1F62C186ADF007A3EDA /* Frameworks */,
				DF2BB1F72C186ADF007A3EDA /* Resources */,
			);
			buildRules = (
			);
			dependencies = (
				DF2BB1FE2C186ADF007A3EDA /* PBXTargetDependency */,
			);
			name = "Dikii ZapadTests";
			productName = "Dikii ZapadTests";
			productReference = DF2BB1F92C186ADF007A3EDA /* Dikii ZapadTests.xctest */;
			productType = "com.apple.product-type.bundle.unit-test";
		};
/* End PBXNativeTarget section */

/* Begin PBXProject section */
		B6306BAD2AC088D800B0BF80 /* Project object */ = {
			isa = PBXProject;
			attributes = {
				BuildIndependentTargetsInParallel = 1;
				LastSwiftUpdateCheck = 1530;
				LastUpgradeCheck = 1430;
				TargetAttributes = {
					B6306BB42AC088D800B0BF80 = {
						CreatedOnToolsVersion = 14.3;
					};
					DF2BB1F82C186ADF007A3EDA = {
						CreatedOnToolsVersion = 15.3;
						TestTargetID = B6306BB42AC088D800B0BF80;
					};
				};
			};
			buildConfigurationList = B6306BB02AC088D800B0BF80 /* Build configuration list for PBXProject "Dikii Zapad" */;
			compatibilityVersion = "Xcode 14.0";
			developmentRegion = en;
			hasScannedForEncodings = 0;
			knownRegions = (
				en,
				Base,
			);
			mainGroup = B6306BAC2AC088D800B0BF80;
			packageReferences = (
				B6306BD12AC1D69200B0BF80 /* XCRemoteSwiftPackageReference "EasyPeasy" */,
				0416FD112B5D762B008A5600 /* XCRemoteSwiftPackageReference "OhhAuth" */,
				0416FD142B5D7AE6008A5600 /* XCRemoteSwiftPackageReference "OAuthSwift" */,
				0416FD172B5D7F68008A5600 /* XCRemoteSwiftPackageReference "Kingfisher" */,
				04AE02C02B8A0CCB0032C3A4 /* XCRemoteSwiftPackageReference "input-mask-ios" */,
			);
			productRefGroup = B6306BB62AC088D800B0BF80 /* Products */;
			projectDirPath = "";
			projectRoot = "";
			targets = (
				B6306BB42AC088D800B0BF80 /* Dikii Zapad */,
				DF2BB1F82C186ADF007A3EDA /* Dikii ZapadTests */,
			);
		};
/* End PBXProject section */

/* Begin PBXResourcesBuildPhase section */
		B6306BB32AC088D800B0BF80 /* Resources */ = {
			isa = PBXResourcesBuildPhase;
			buildActionMask = 2147483647;
			files = (
				B645C36C2AC9D06B0079C8F2 /* Capture it.ttf in Resources */,
				B6306BC22AC088D900B0BF80 /* Assets.xcassets in Resources */,
				DFF44F7A2BDEBC5B00395D69 /* GoogleService-Info.plist in Resources */,
			);
			runOnlyForDeploymentPostprocessing = 0;
		};
		DF2BB1F72C186ADF007A3EDA /* Resources */ = {
			isa = PBXResourcesBuildPhase;
			buildActionMask = 2147483647;
			files = (
			);
			runOnlyForDeploymentPostprocessing = 0;
		};
/* End PBXResourcesBuildPhase section */

/* Begin PBXShellScriptBuildPhase section */
		C99FEEEAC61FAF703D284A4F /* [CP] Check Pods Manifest.lock */ = {
			isa = PBXShellScriptBuildPhase;
			buildActionMask = 2147483647;
			files = (
			);
			inputFileListPaths = (
			);
			inputPaths = (
				"${PODS_PODFILE_DIR_PATH}/Podfile.lock",
				"${PODS_ROOT}/Manifest.lock",
			);
			name = "[CP] Check Pods Manifest.lock";
			outputFileListPaths = (
			);
			outputPaths = (
				"$(DERIVED_FILE_DIR)/Pods-Dikii Zapad-checkManifestLockResult.txt",
			);
			runOnlyForDeploymentPostprocessing = 0;
			shellPath = /bin/sh;
			shellScript = "diff \"${PODS_PODFILE_DIR_PATH}/Podfile.lock\" \"${PODS_ROOT}/Manifest.lock\" > /dev/null\nif [ $? != 0 ] ; then\n    # print error to STDERR\n    echo \"error: The sandbox is not in sync with the Podfile.lock. Run 'pod install' or update your CocoaPods installation.\" >&2\n    exit 1\nfi\n# This output is used by Xcode 'outputs' to avoid re-running this script phase.\necho \"SUCCESS\" > \"${SCRIPT_OUTPUT_FILE_0}\"\n";
			showEnvVarsInLog = 0;
		};
		F8A8635F62F18793889B27AC /* [CP] Embed Pods Frameworks */ = {
			isa = PBXShellScriptBuildPhase;
			buildActionMask = 2147483647;
			files = (
			);
			inputFileListPaths = (
				"${PODS_ROOT}/Target Support Files/Pods-Dikii Zapad/Pods-Dikii Zapad-frameworks-${CONFIGURATION}-input-files.xcfilelist",
			);
			name = "[CP] Embed Pods Frameworks";
			outputFileListPaths = (
				"${PODS_ROOT}/Target Support Files/Pods-Dikii Zapad/Pods-Dikii Zapad-frameworks-${CONFIGURATION}-output-files.xcfilelist",
			);
			runOnlyForDeploymentPostprocessing = 0;
			shellPath = /bin/sh;
			shellScript = "\"${PODS_ROOT}/Target Support Files/Pods-Dikii Zapad/Pods-Dikii Zapad-frameworks.sh\"\n";
			showEnvVarsInLog = 0;
		};
/* End PBXShellScriptBuildPhase section */

/* Begin PBXSourcesBuildPhase section */
		B6306BB12AC088D800B0BF80 /* Sources */ = {
			isa = PBXSourcesBuildPhase;
			buildActionMask = 2147483647;
			files = (
				B6306BBD2AC088D800B0BF80 /* MainViewController.swift in Sources */,
				DF547D322BD80DB1000E8501 /* LoadingImageView.swift in Sources */,
				04FC3D9F2BA550FC00B5B666 /* Array + extension.swift in Sources */,
				DF0E62802BFDD72A00F70903 /* VacancyCell.swift in Sources */,
				B66D7BAC2B0A9307009C34CB /* CartCell.swift in Sources */,
				DF9106D42BFCBE0100E4D609 /* HistoryOrdersCell.swift in Sources */,
				DF1E102B2BBF17BE0035C464 /* SkeletonView.swift in Sources */,
				B67122992B7E747D00E051EF /* OrderViewController.swift in Sources */,
				DF2BB2072C188832007A3EDA /* LogoCell.swift in Sources */,
				B6DB40FE2AEFF2E6005963ED /* CustomButton.swift in Sources */,
				B66D7BA92AFD271F009C34CB /* CheckBoxButton.swift in Sources */,
				04E675A22B890415007559C6 /* TelegramManager.swift in Sources */,
				042487E42B8A2F89000F9CEC /* CustomAlert.swift in Sources */,
				B6F3EA562AD5DD1400270662 /* CustomRegisterTextfield.swift in Sources */,
				04E6759E2B8894D2007559C6 /* AddressView.swift in Sources */,
				B6F3EA542AD57B4000270662 /* SectionHeaderReusableView.swift in Sources */,
				04E675A02B889E24007559C6 /* UIButtonTransform.swift in Sources */,
				04A9AB462B5C837D002A8A79 /* Product.swift in Sources */,
				B6DF27252ACC7E2A00FC45D0 /* UIColorExtension.swift in Sources */,
				04E675A62B891343007559C6 /* ItemSelectableDropDown.swift in Sources */,
				DF2BB2092C188A29007A3EDA /* LogsCollector.swift in Sources */,
				04E6F8D92B651C2E0014398B /* CustomTextField.swift in Sources */,
				04ECD5FA2B66C71F00F29F2C /* BottomSheetMapView.swift in Sources */,
				B6DF27182ACC387F00FC45D0 /* LaunchViewController.swift in Sources */,
				042487EC2B8B5930000F9CEC /* Date + extension.swift in Sources */,
				04D5E5482B64350C004F336E /* UIViewController + Extension.swift in Sources */,
				DF0E627B2BFDCCFD00F70903 /* TabBar + extension.swift in Sources */,
				B6DF271F2ACC640700FC45D0 /* ActionsViewController.swift in Sources */,
				DF737ED42BF7B00A00C82165 /* HistoryOrdersViewController.swift in Sources */,
				B6DF271D2ACC63A500FC45D0 /* MainTabBarController.swift in Sources */,
				DF0E627E2BFDCF2D00F70903 /* VacanciesViewController.swift in Sources */,
				04ECD5FE2B66CF4500F29F2C /* UIStackView + Extension.swift in Sources */,
				B645C35F2AC349D80079C8F2 /* DataStore.swift in Sources */,
				04E6F8DB2B652AE00014398B /* GestureRecognizerHealpers.swift in Sources */,
				B6DF27212ACC643600FC45D0 /* ContactsViewController.swift in Sources */,
				B645C3652AC365FC0079C8F2 /* DetailsProductViewController.swift in Sources */,
				04A906DF2B669F3D0014DE24 /* GradientView.swift in Sources */,
				04BDEEF12BAA20DE005C1095 /* LocationDataManager.swift in Sources */,
				B645C3632AC353060079C8F2 /* UIView + extension.swift in Sources */,
				042487EA2B8B296C000F9CEC /* ActionsCell.swift in Sources */,
				04AE02C42B8A2C000032C3A4 /* String + extension.swift in Sources */,
				DFB941B32BCAEBE700F20061 /* NavigationController.swift in Sources */,
				04E6F8DD2B653B5C0014398B /* MapDeliveryViewController.swift in Sources */,
				04A9AB442B5C79C6002A8A79 /* ProductsDataService.swift in Sources */,
				B6DF27232ACC649E00FC45D0 /* CartViewController.swift in Sources */,
				04E675A42B890EC7007559C6 /* DropDownList.swift in Sources */,
				B667A04A2AE58C1E003D8069 /* AdditiveCell.swift in Sources */,
				B6306BB92AC088D800B0BF80 /* AppDelegate.swift in Sources */,
				DF1257CD2C0DBFCA00750459 /* DotsView.swift in Sources */,
				B6F3EA5A2AD9604000270662 /* DeliveryFormViewController.swift in Sources */,
				B645C3612AC34F960079C8F2 /* ProductCell.swift in Sources */,
				DF23D0A32C08C72B008E19B4 /* GradientButton.swift in Sources */,
				DF2BB2052C188396007A3EDA /* LogsViewController.swift in Sources */,
				B6306BBB2AC088D800B0BF80 /* SceneDelegate.swift in Sources */,
				0475E7A22B9F935C00BF48BF /* GeneralSettings.swift in Sources */,
			);
			runOnlyForDeploymentPostprocessing = 0;
		};
		DF2BB1F52C186ADF007A3EDA /* Sources */ = {
			isa = PBXSourcesBuildPhase;
			buildActionMask = 2147483647;
			files = (
				DF2BB1FC2C186ADF007A3EDA /* Dikii_ZapadTests.swift in Sources */,
				DF2BB2032C186D23007A3EDA /* CoffeeTest.swift in Sources */,
			);
			runOnlyForDeploymentPostprocessing = 0;
		};
/* End PBXSourcesBuildPhase section */

/* Begin PBXTargetDependency section */
		DF2BB1FE2C186ADF007A3EDA /* PBXTargetDependency */ = {
			isa = PBXTargetDependency;
			target = B6306BB42AC088D800B0BF80 /* Dikii Zapad */;
			targetProxy = DF2BB1FD2C186ADF007A3EDA /* PBXContainerItemProxy */;
		};
/* End PBXTargetDependency section */

/* Begin XCBuildConfiguration section */
		B6306BC72AC088D900B0BF80 /* Debug */ = {
			isa = XCBuildConfiguration;
			buildSettings = {
				ALWAYS_SEARCH_USER_PATHS = NO;
				CLANG_ANALYZER_NONNULL = YES;
				CLANG_ANALYZER_NUMBER_OBJECT_CONVERSION = YES_AGGRESSIVE;
				CLANG_CXX_LANGUAGE_STANDARD = "gnu++20";
				CLANG_ENABLE_MODULES = YES;
				CLANG_ENABLE_OBJC_ARC = YES;
				CLANG_ENABLE_OBJC_WEAK = YES;
				CLANG_WARN_BLOCK_CAPTURE_AUTORELEASING = YES;
				CLANG_WARN_BOOL_CONVERSION = YES;
				CLANG_WARN_COMMA = YES;
				CLANG_WARN_CONSTANT_CONVERSION = YES;
				CLANG_WARN_DEPRECATED_OBJC_IMPLEMENTATIONS = YES;
				CLANG_WARN_DIRECT_OBJC_ISA_USAGE = YES_ERROR;
				CLANG_WARN_DOCUMENTATION_COMMENTS = YES;
				CLANG_WARN_EMPTY_BODY = YES;
				CLANG_WARN_ENUM_CONVERSION = YES;
				CLANG_WARN_INFINITE_RECURSION = YES;
				CLANG_WARN_INT_CONVERSION = YES;
				CLANG_WARN_NON_LITERAL_NULL_CONVERSION = YES;
				CLANG_WARN_OBJC_IMPLICIT_RETAIN_SELF = YES;
				CLANG_WARN_OBJC_LITERAL_CONVERSION = YES;
				CLANG_WARN_OBJC_ROOT_CLASS = YES_ERROR;
				CLANG_WARN_QUOTED_INCLUDE_IN_FRAMEWORK_HEADER = YES;
				CLANG_WARN_RANGE_LOOP_ANALYSIS = YES;
				CLANG_WARN_STRICT_PROTOTYPES = YES;
				CLANG_WARN_SUSPICIOUS_MOVE = YES;
				CLANG_WARN_UNGUARDED_AVAILABILITY = YES_AGGRESSIVE;
				CLANG_WARN_UNREACHABLE_CODE = YES;
				CLANG_WARN__DUPLICATE_METHOD_MATCH = YES;
				COPY_PHASE_STRIP = NO;
				DEBUG_INFORMATION_FORMAT = dwarf;
				ENABLE_STRICT_OBJC_MSGSEND = YES;
				ENABLE_TESTABILITY = YES;
				GCC_C_LANGUAGE_STANDARD = gnu11;
				GCC_DYNAMIC_NO_PIC = NO;
				GCC_NO_COMMON_BLOCKS = YES;
				GCC_OPTIMIZATION_LEVEL = 0;
				GCC_PREPROCESSOR_DEFINITIONS = (
					"DEBUG=1",
					"$(inherited)",
				);
				GCC_WARN_64_TO_32_BIT_CONVERSION = YES;
				GCC_WARN_ABOUT_RETURN_TYPE = YES_ERROR;
				GCC_WARN_UNDECLARED_SELECTOR = YES;
				GCC_WARN_UNINITIALIZED_AUTOS = YES_AGGRESSIVE;
				GCC_WARN_UNUSED_FUNCTION = YES;
				GCC_WARN_UNUSED_VARIABLE = YES;
				IPHONEOS_DEPLOYMENT_TARGET = 16.4;
				MTL_ENABLE_DEBUG_INFO = INCLUDE_SOURCE;
				MTL_FAST_MATH = YES;
				ONLY_ACTIVE_ARCH = YES;
				SDKROOT = iphoneos;
				SWIFT_ACTIVE_COMPILATION_CONDITIONS = DEBUG;
				SWIFT_OPTIMIZATION_LEVEL = "-Onone";
			};
			name = Debug;
		};
		B6306BC82AC088D900B0BF80 /* Release */ = {
			isa = XCBuildConfiguration;
			buildSettings = {
				ALWAYS_SEARCH_USER_PATHS = NO;
				CLANG_ANALYZER_NONNULL = YES;
				CLANG_ANALYZER_NUMBER_OBJECT_CONVERSION = YES_AGGRESSIVE;
				CLANG_CXX_LANGUAGE_STANDARD = "gnu++20";
				CLANG_ENABLE_MODULES = YES;
				CLANG_ENABLE_OBJC_ARC = YES;
				CLANG_ENABLE_OBJC_WEAK = YES;
				CLANG_WARN_BLOCK_CAPTURE_AUTORELEASING = YES;
				CLANG_WARN_BOOL_CONVERSION = YES;
				CLANG_WARN_COMMA = YES;
				CLANG_WARN_CONSTANT_CONVERSION = YES;
				CLANG_WARN_DEPRECATED_OBJC_IMPLEMENTATIONS = YES;
				CLANG_WARN_DIRECT_OBJC_ISA_USAGE = YES_ERROR;
				CLANG_WARN_DOCUMENTATION_COMMENTS = YES;
				CLANG_WARN_EMPTY_BODY = YES;
				CLANG_WARN_ENUM_CONVERSION = YES;
				CLANG_WARN_INFINITE_RECURSION = YES;
				CLANG_WARN_INT_CONVERSION = YES;
				CLANG_WARN_NON_LITERAL_NULL_CONVERSION = YES;
				CLANG_WARN_OBJC_IMPLICIT_RETAIN_SELF = YES;
				CLANG_WARN_OBJC_LITERAL_CONVERSION = YES;
				CLANG_WARN_OBJC_ROOT_CLASS = YES_ERROR;
				CLANG_WARN_QUOTED_INCLUDE_IN_FRAMEWORK_HEADER = YES;
				CLANG_WARN_RANGE_LOOP_ANALYSIS = YES;
				CLANG_WARN_STRICT_PROTOTYPES = YES;
				CLANG_WARN_SUSPICIOUS_MOVE = YES;
				CLANG_WARN_UNGUARDED_AVAILABILITY = YES_AGGRESSIVE;
				CLANG_WARN_UNREACHABLE_CODE = YES;
				CLANG_WARN__DUPLICATE_METHOD_MATCH = YES;
				COPY_PHASE_STRIP = NO;
				DEBUG_INFORMATION_FORMAT = "dwarf-with-dsym";
				ENABLE_NS_ASSERTIONS = NO;
				ENABLE_STRICT_OBJC_MSGSEND = YES;
				GCC_C_LANGUAGE_STANDARD = gnu11;
				GCC_NO_COMMON_BLOCKS = YES;
				GCC_WARN_64_TO_32_BIT_CONVERSION = YES;
				GCC_WARN_ABOUT_RETURN_TYPE = YES_ERROR;
				GCC_WARN_UNDECLARED_SELECTOR = YES;
				GCC_WARN_UNINITIALIZED_AUTOS = YES_AGGRESSIVE;
				GCC_WARN_UNUSED_FUNCTION = YES;
				GCC_WARN_UNUSED_VARIABLE = YES;
				IPHONEOS_DEPLOYMENT_TARGET = 16.4;
				MTL_ENABLE_DEBUG_INFO = NO;
				MTL_FAST_MATH = YES;
				SDKROOT = iphoneos;
				SWIFT_COMPILATION_MODE = wholemodule;
				SWIFT_OPTIMIZATION_LEVEL = "-O";
				VALIDATE_PRODUCT = YES;
			};
			name = Release;
		};
		B6306BCA2AC088D900B0BF80 /* Debug */ = {
			isa = XCBuildConfiguration;
			baseConfigurationReference = 6B7F19A0CA94A114E7A76097 /* Pods-Dikii Zapad.debug.xcconfig */;
			buildSettings = {
				ASSETCATALOG_COMPILER_APPICON_NAME = AppIcon;
				ASSETCATALOG_COMPILER_GLOBAL_ACCENT_COLOR_NAME = AccentColor;
				ASSETCATALOG_COMPILER_INCLUDE_ALL_APPICON_ASSETS = YES;
				CODE_SIGN_ENTITLEMENTS = "Dikii Zapad/Dikii Zapad.entitlements";
				CODE_SIGN_STYLE = Automatic;
				CURRENT_PROJECT_VERSION = 6;
				DEVELOPMENT_TEAM = F7X8B5584B;
				GENERATE_INFOPLIST_FILE = YES;
				INFOPLIST_FILE = "Dikii Zapad/Info.plist";
				INFOPLIST_KEY_CFBundleDisplayName = "Dikiy Zapad";
				INFOPLIST_KEY_UIApplicationSupportsIndirectInputEvents = YES;
				INFOPLIST_KEY_UILaunchStoryboardName = s;
				INFOPLIST_KEY_UIStatusBarStyle = UIStatusBarStyleLightContent;
				INFOPLIST_KEY_UISupportedInterfaceOrientations_iPad = "UIInterfaceOrientationPortrait UIInterfaceOrientationPortraitUpsideDown UIInterfaceOrientationLandscapeLeft UIInterfaceOrientationLandscapeRight";
				INFOPLIST_KEY_UISupportedInterfaceOrientations_iPhone = "UIInterfaceOrientationPortrait UIInterfaceOrientationLandscapeLeft UIInterfaceOrientationLandscapeRight";
				IPHONEOS_DEPLOYMENT_TARGET = 14.0;
				LD_RUNPATH_SEARCH_PATHS = (
					"$(inherited)",
					"@executable_path/Frameworks",
				);
				MARKETING_VERSION = 2;
				PRODUCT_BUNDLE_IDENTIFIER = ru.dikiizapad.dikiizapad;
				PRODUCT_NAME = "$(TARGET_NAME)";
				SUPPORTED_PLATFORMS = "iphoneos iphonesimulator";
				SUPPORTS_MACCATALYST = NO;
				SUPPORTS_MAC_DESIGNED_FOR_IPHONE_IPAD = NO;
				SUPPORTS_XR_DESIGNED_FOR_IPHONE_IPAD = NO;
				SWIFT_EMIT_LOC_STRINGS = YES;
				SWIFT_VERSION = 5.0;
				TARGETED_DEVICE_FAMILY = 1;
			};
			name = Debug;
		};
		B6306BCB2AC088D900B0BF80 /* Release */ = {
			isa = XCBuildConfiguration;
			baseConfigurationReference = B04B0F270EF25A3EC346C392 /* Pods-Dikii Zapad.release.xcconfig */;
			buildSettings = {
				ASSETCATALOG_COMPILER_APPICON_NAME = AppIcon;
				ASSETCATALOG_COMPILER_GLOBAL_ACCENT_COLOR_NAME = AccentColor;
				ASSETCATALOG_COMPILER_INCLUDE_ALL_APPICON_ASSETS = YES;
				CODE_SIGN_ENTITLEMENTS = "Dikii Zapad/Dikii Zapad.entitlements";
				CODE_SIGN_STYLE = Automatic;
				CURRENT_PROJECT_VERSION = 6;
				DEVELOPMENT_TEAM = F7X8B5584B;
				GENERATE_INFOPLIST_FILE = YES;
				INFOPLIST_FILE = "Dikii Zapad/Info.plist";
				INFOPLIST_KEY_CFBundleDisplayName = "Dikiy Zapad";
				INFOPLIST_KEY_UIApplicationSupportsIndirectInputEvents = YES;
				INFOPLIST_KEY_UILaunchStoryboardName = s;
				INFOPLIST_KEY_UIStatusBarStyle = UIStatusBarStyleLightContent;
				INFOPLIST_KEY_UISupportedInterfaceOrientations_iPad = "UIInterfaceOrientationPortrait UIInterfaceOrientationPortraitUpsideDown UIInterfaceOrientationLandscapeLeft UIInterfaceOrientationLandscapeRight";
				INFOPLIST_KEY_UISupportedInterfaceOrientations_iPhone = "UIInterfaceOrientationPortrait UIInterfaceOrientationLandscapeLeft UIInterfaceOrientationLandscapeRight";
				IPHONEOS_DEPLOYMENT_TARGET = 14.0;
				LD_RUNPATH_SEARCH_PATHS = (
					"$(inherited)",
					"@executable_path/Frameworks",
				);
				MARKETING_VERSION = 2;
				PRODUCT_BUNDLE_IDENTIFIER = ru.dikiizapad.dikiizapad;
				PRODUCT_NAME = "$(TARGET_NAME)";
				SUPPORTED_PLATFORMS = "iphoneos iphonesimulator";
				SUPPORTS_MACCATALYST = NO;
				SUPPORTS_MAC_DESIGNED_FOR_IPHONE_IPAD = NO;
				SUPPORTS_XR_DESIGNED_FOR_IPHONE_IPAD = NO;
				SWIFT_EMIT_LOC_STRINGS = YES;
				SWIFT_VERSION = 5.0;
				TARGETED_DEVICE_FAMILY = 1;
			};
			name = Release;
		};
		DF2BB1FF2C186ADF007A3EDA /* Debug */ = {
			isa = XCBuildConfiguration;
			buildSettings = {
				ASSETCATALOG_COMPILER_GENERATE_SWIFT_ASSET_SYMBOL_EXTENSIONS = YES;
				BUNDLE_LOADER = "$(TEST_HOST)";
				CODE_SIGN_STYLE = Automatic;
				CURRENT_PROJECT_VERSION = 1;
				DEVELOPMENT_TEAM = WZJ6JFW8X2;
				ENABLE_USER_SCRIPT_SANDBOXING = YES;
				GCC_C_LANGUAGE_STANDARD = gnu17;
				GENERATE_INFOPLIST_FILE = YES;
				IPHONEOS_DEPLOYMENT_TARGET = 14.0;
				LOCALIZATION_PREFERS_STRING_CATALOGS = YES;
				MARKETING_VERSION = 1.0;
				PRODUCT_BUNDLE_IDENTIFIER = "SwiftUITest3.Dikii-ZapadTests";
				PRODUCT_NAME = "$(TARGET_NAME)";
				SWIFT_ACTIVE_COMPILATION_CONDITIONS = "DEBUG $(inherited)";
				SWIFT_EMIT_LOC_STRINGS = NO;
				SWIFT_VERSION = 5.0;
				TARGETED_DEVICE_FAMILY = "1,2";
				TEST_HOST = "$(BUILT_PRODUCTS_DIR)/Dikii Zapad.app/$(BUNDLE_EXECUTABLE_FOLDER_PATH)/Dikii Zapad";
			};
			name = Debug;
		};
		DF2BB2002C186ADF007A3EDA /* Release */ = {
			isa = XCBuildConfiguration;
			buildSettings = {
				ASSETCATALOG_COMPILER_GENERATE_SWIFT_ASSET_SYMBOL_EXTENSIONS = YES;
				BUNDLE_LOADER = "$(TEST_HOST)";
				CODE_SIGN_STYLE = Automatic;
				CURRENT_PROJECT_VERSION = 1;
				DEVELOPMENT_TEAM = WZJ6JFW8X2;
				ENABLE_USER_SCRIPT_SANDBOXING = YES;
				GCC_C_LANGUAGE_STANDARD = gnu17;
				GENERATE_INFOPLIST_FILE = YES;
				IPHONEOS_DEPLOYMENT_TARGET = 14.0;
				LOCALIZATION_PREFERS_STRING_CATALOGS = YES;
				MARKETING_VERSION = 1.0;
				PRODUCT_BUNDLE_IDENTIFIER = "SwiftUITest3.Dikii-ZapadTests";
				PRODUCT_NAME = "$(TARGET_NAME)";
				SWIFT_EMIT_LOC_STRINGS = NO;
				SWIFT_VERSION = 5.0;
				TARGETED_DEVICE_FAMILY = "1,2";
				TEST_HOST = "$(BUILT_PRODUCTS_DIR)/Dikii Zapad.app/$(BUNDLE_EXECUTABLE_FOLDER_PATH)/Dikii Zapad";
			};
			name = Release;
		};
/* End XCBuildConfiguration section */

/* Begin XCConfigurationList section */
		B6306BB02AC088D800B0BF80 /* Build configuration list for PBXProject "Dikii Zapad" */ = {
			isa = XCConfigurationList;
			buildConfigurations = (
				B6306BC72AC088D900B0BF80 /* Debug */,
				B6306BC82AC088D900B0BF80 /* Release */,
			);
			defaultConfigurationIsVisible = 0;
			defaultConfigurationName = Release;
		};
		B6306BC92AC088D900B0BF80 /* Build configuration list for PBXNativeTarget "Dikii Zapad" */ = {
			isa = XCConfigurationList;
			buildConfigurations = (
				B6306BCA2AC088D900B0BF80 /* Debug */,
				B6306BCB2AC088D900B0BF80 /* Release */,
			);
			defaultConfigurationIsVisible = 0;
			defaultConfigurationName = Release;
		};
		DF2BB2012C186ADF007A3EDA /* Build configuration list for PBXNativeTarget "Dikii ZapadTests" */ = {
			isa = XCConfigurationList;
			buildConfigurations = (
				DF2BB1FF2C186ADF007A3EDA /* Debug */,
				DF2BB2002C186ADF007A3EDA /* Release */,
			);
			defaultConfigurationIsVisible = 0;
			defaultConfigurationName = Release;
		};
/* End XCConfigurationList section */

/* Begin XCRemoteSwiftPackageReference section */
		0416FD112B5D762B008A5600 /* XCRemoteSwiftPackageReference "OhhAuth" */ = {
			isa = XCRemoteSwiftPackageReference;
			repositoryURL = "https://github.com/mw99/OhhAuth.git";
			requirement = {
				kind = upToNextMajorVersion;
				minimumVersion = 1.0.0;
			};
		};
		0416FD142B5D7AE6008A5600 /* XCRemoteSwiftPackageReference "OAuthSwift" */ = {
			isa = XCRemoteSwiftPackageReference;
			repositoryURL = "https://github.com/OAuthSwift/OAuthSwift.git";
			requirement = {
				kind = upToNextMajorVersion;
				minimumVersion = 2.0.0;
			};
		};
		0416FD172B5D7F68008A5600 /* XCRemoteSwiftPackageReference "Kingfisher" */ = {
			isa = XCRemoteSwiftPackageReference;
			repositoryURL = "https://github.com/onevcat/Kingfisher.git";
			requirement = {
				kind = upToNextMajorVersion;
				minimumVersion = 7.0.0;
			};
		};
		04AE02C02B8A0CCB0032C3A4 /* XCRemoteSwiftPackageReference "input-mask-ios" */ = {
			isa = XCRemoteSwiftPackageReference;
			repositoryURL = "https://github.com/RedMadRobot/input-mask-ios.git";
			requirement = {
				kind = upToNextMajorVersion;
				minimumVersion = 7.0.0;
			};
		};
		B6306BD12AC1D69200B0BF80 /* XCRemoteSwiftPackageReference "EasyPeasy" */ = {
			isa = XCRemoteSwiftPackageReference;
			repositoryURL = "https://github.com/nakiostudio/EasyPeasy.git";
			requirement = {
				kind = upToNextMajorVersion;
				minimumVersion = 1.0.0;
			};
		};
/* End XCRemoteSwiftPackageReference section */

/* Begin XCSwiftPackageProductDependency section */
		0416FD152B5D7AE6008A5600 /* OAuthSwift */ = {
			isa = XCSwiftPackageProductDependency;
			package = 0416FD142B5D7AE6008A5600 /* XCRemoteSwiftPackageReference "OAuthSwift" */;
			productName = OAuthSwift;
		};
		0416FD182B5D7F68008A5600 /* Kingfisher */ = {
			isa = XCSwiftPackageProductDependency;
			package = 0416FD172B5D7F68008A5600 /* XCRemoteSwiftPackageReference "Kingfisher" */;
			productName = Kingfisher;
		};
		04AE02C12B8A0CCC0032C3A4 /* InputMask */ = {
			isa = XCSwiftPackageProductDependency;
			package = 04AE02C02B8A0CCB0032C3A4 /* XCRemoteSwiftPackageReference "input-mask-ios" */;
			productName = InputMask;
		};
		B6306BD22AC1D69200B0BF80 /* EasyPeasy */ = {
			isa = XCSwiftPackageProductDependency;
			package = B6306BD12AC1D69200B0BF80 /* XCRemoteSwiftPackageReference "EasyPeasy" */;
			productName = EasyPeasy;
		};
/* End XCSwiftPackageProductDependency section */
	};
	rootObject = B6306BAD2AC088D800B0BF80 /* Project object */;
}
